// !$*UTF8*$!
{
	archiveVersion = 1;
	classes = {
	};
	objectVersion = 46;
	objects = {

/* Begin PBXBuildFile section */
		00E356F31AD99517003FC87E /* reactNativeOfflineTests.m in Sources */ = {isa = PBXBuildFile; fileRef = 00E356F21AD99517003FC87E /* reactNativeOfflineTests.m */; };
		13B07FBC1A68108700A75B9A /* AppDelegate.m in Sources */ = {isa = PBXBuildFile; fileRef = 13B07FB01A68108700A75B9A /* AppDelegate.m */; };
		13B07FBD1A68108700A75B9A /* LaunchScreen.xib in Resources */ = {isa = PBXBuildFile; fileRef = 13B07FB11A68108700A75B9A /* LaunchScreen.xib */; };
		13B07FBF1A68108700A75B9A /* Images.xcassets in Resources */ = {isa = PBXBuildFile; fileRef = 13B07FB51A68108700A75B9A /* Images.xcassets */; };
		13B07FC11A68108700A75B9A /* main.m in Sources */ = {isa = PBXBuildFile; fileRef = 13B07FB71A68108700A75B9A /* main.m */; };
		2D02E4BC1E0B4A80006451C7 /* AppDelegate.m in Sources */ = {isa = PBXBuildFile; fileRef = 13B07FB01A68108700A75B9A /* AppDelegate.m */; };
		2D02E4BD1E0B4A84006451C7 /* Images.xcassets in Resources */ = {isa = PBXBuildFile; fileRef = 13B07FB51A68108700A75B9A /* Images.xcassets */; };
		2D02E4BF1E0B4AB3006451C7 /* main.m in Sources */ = {isa = PBXBuildFile; fileRef = 13B07FB71A68108700A75B9A /* main.m */; };
		2DCD954D1E0B4F2C00145EB5 /* reactNativeOfflineTests.m in Sources */ = {isa = PBXBuildFile; fileRef = 00E356F21AD99517003FC87E /* reactNativeOfflineTests.m */; };
		360E0D7F5CE4A072DAB3028E /* libPods-reactNativeOffline.a in Frameworks */ = {isa = PBXBuildFile; fileRef = 06BDCEF03EB4EBA872F2A07C /* libPods-reactNativeOffline.a */; };
		4D56FF0081003CC4C990E486 /* libPods-reactNativeOffline-tvOSTests.a in Frameworks */ = {isa = PBXBuildFile; fileRef = A173B472FA40B673BDB2F908 /* libPods-reactNativeOffline-tvOSTests.a */; };
		7C4EFC732382ED8B00F02EF5 /* dev-128.png in Resources */ = {isa = PBXBuildFile; fileRef = 7C4EFC172382ED8B00F02EF5 /* dev-128.png */; };
		7C4EFC742382ED8B00F02EF5 /* dev-100.png in Resources */ = {isa = PBXBuildFile; fileRef = 7C4EFC182382ED8B00F02EF5 /* dev-100.png */; };
		7C4EFC752382ED8B00F02EF5 /* dev-114.png in Resources */ = {isa = PBXBuildFile; fileRef = 7C4EFC192382ED8B00F02EF5 /* dev-114.png */; };
		7C4EFC762382ED8B00F02EF5 /* dev-512.png in Resources */ = {isa = PBXBuildFile; fileRef = 7C4EFC1A2382ED8B00F02EF5 /* dev-512.png */; };
		7C4EFC772382ED8B00F02EF5 /* dev-29.png in Resources */ = {isa = PBXBuildFile; fileRef = 7C4EFC1B2382ED8B00F02EF5 /* dev-29.png */; };
		7C4EFC782382ED8B00F02EF5 /* dev-16.png in Resources */ = {isa = PBXBuildFile; fileRef = 7C4EFC1C2382ED8B00F02EF5 /* dev-16.png */; };
		7C4EFC792382ED8B00F02EF5 /* dev-64.png in Resources */ = {isa = PBXBuildFile; fileRef = 7C4EFC1D2382ED8B00F02EF5 /* dev-64.png */; };
		7C4EFC7A2382ED8B00F02EF5 /* dev-58.png in Resources */ = {isa = PBXBuildFile; fileRef = 7C4EFC1E2382ED8B00F02EF5 /* dev-58.png */; };
		7C4EFC7B2382ED8B00F02EF5 /* dev-72.png in Resources */ = {isa = PBXBuildFile; fileRef = 7C4EFC1F2382ED8B00F02EF5 /* dev-72.png */; };
		7C4EFC7C2382ED8B00F02EF5 /* dev-88.png in Resources */ = {isa = PBXBuildFile; fileRef = 7C4EFC202382ED8B00F02EF5 /* dev-88.png */; };
		7C4EFC7D2382ED8B00F02EF5 /* dev-76.png in Resources */ = {isa = PBXBuildFile; fileRef = 7C4EFC212382ED8B00F02EF5 /* dev-76.png */; };
		7C4EFC7E2382ED8B00F02EF5 /* dev-60.png in Resources */ = {isa = PBXBuildFile; fileRef = 7C4EFC222382ED8B00F02EF5 /* dev-60.png */; };
		7C4EFC7F2382ED8B00F02EF5 /* dev-48.png in Resources */ = {isa = PBXBuildFile; fileRef = 7C4EFC232382ED8B00F02EF5 /* dev-48.png */; };
		7C4EFC802382ED8B00F02EF5 /* dev-167.png in Resources */ = {isa = PBXBuildFile; fileRef = 7C4EFC242382ED8B00F02EF5 /* dev-167.png */; };
		7C4EFC812382ED8B00F02EF5 /* dev-172.png in Resources */ = {isa = PBXBuildFile; fileRef = 7C4EFC252382ED8B00F02EF5 /* dev-172.png */; };
		7C4EFC822382ED8B00F02EF5 /* dev-180.png in Resources */ = {isa = PBXBuildFile; fileRef = 7C4EFC262382ED8B00F02EF5 /* dev-180.png */; };
		7C4EFC832382ED8B00F02EF5 /* dev-50.png in Resources */ = {isa = PBXBuildFile; fileRef = 7C4EFC272382ED8B00F02EF5 /* dev-50.png */; };
		7C4EFC842382ED8B00F02EF5 /* dev-87.png in Resources */ = {isa = PBXBuildFile; fileRef = 7C4EFC282382ED8B00F02EF5 /* dev-87.png */; };
		7C4EFC852382ED8B00F02EF5 /* dev-196.png in Resources */ = {isa = PBXBuildFile; fileRef = 7C4EFC292382ED8B00F02EF5 /* dev-196.png */; };
		7C4EFC862382ED8B00F02EF5 /* dev-144.png in Resources */ = {isa = PBXBuildFile; fileRef = 7C4EFC2A2382ED8B00F02EF5 /* dev-144.png */; };
		7C4EFC872382ED8B00F02EF5 /* dev-80.png in Resources */ = {isa = PBXBuildFile; fileRef = 7C4EFC2B2382ED8B00F02EF5 /* dev-80.png */; };
		7C4EFC882382ED8B00F02EF5 /* dev-57.png in Resources */ = {isa = PBXBuildFile; fileRef = 7C4EFC2C2382ED8B00F02EF5 /* dev-57.png */; };
		7C4EFC892382ED8B00F02EF5 /* dev-55.png in Resources */ = {isa = PBXBuildFile; fileRef = 7C4EFC2D2382ED8B00F02EF5 /* dev-55.png */; };
		7C4EFC8A2382ED8B00F02EF5 /* dev-152.png in Resources */ = {isa = PBXBuildFile; fileRef = 7C4EFC2E2382ED8B00F02EF5 /* dev-152.png */; };
		7C4EFC8B2382ED8B00F02EF5 /* dev-40.png in Resources */ = {isa = PBXBuildFile; fileRef = 7C4EFC2F2382ED8B00F02EF5 /* dev-40.png */; };
		7C4EFC8C2382ED8B00F02EF5 /* dev-120.png in Resources */ = {isa = PBXBuildFile; fileRef = 7C4EFC302382ED8B00F02EF5 /* dev-120.png */; };
		7C4EFC8D2382ED8B00F02EF5 /* dev-256.png in Resources */ = {isa = PBXBuildFile; fileRef = 7C4EFC312382ED8B00F02EF5 /* dev-256.png */; };
		7C4EFC8E2382ED8B00F02EF5 /* dev-32.png in Resources */ = {isa = PBXBuildFile; fileRef = 7C4EFC322382ED8B00F02EF5 /* dev-32.png */; };
		7C4EFC8F2382ED8B00F02EF5 /* dev-1024.png in Resources */ = {isa = PBXBuildFile; fileRef = 7C4EFC332382ED8B00F02EF5 /* dev-1024.png */; };
		7C4EFC902382ED8B00F02EF5 /* dev-20.png in Resources */ = {isa = PBXBuildFile; fileRef = 7C4EFC342382ED8B00F02EF5 /* dev-20.png */; };
		7C4EFC912382ED8B00F02EF5 /* beta-72.png in Resources */ = {isa = PBXBuildFile; fileRef = 7C4EFC362382ED8B00F02EF5 /* beta-72.png */; };
		7C4EFC922382ED8B00F02EF5 /* beta-64.png in Resources */ = {isa = PBXBuildFile; fileRef = 7C4EFC372382ED8B00F02EF5 /* beta-64.png */; };
		7C4EFC932382ED8B00F02EF5 /* beta-58.png in Resources */ = {isa = PBXBuildFile; fileRef = 7C4EFC382382ED8B00F02EF5 /* beta-58.png */; };
		7C4EFC942382ED8B00F02EF5 /* beta-172.png in Resources */ = {isa = PBXBuildFile; fileRef = 7C4EFC392382ED8B00F02EF5 /* beta-172.png */; };
		7C4EFC952382ED8B00F02EF5 /* beta-167.png in Resources */ = {isa = PBXBuildFile; fileRef = 7C4EFC3A2382ED8B00F02EF5 /* beta-167.png */; };
		7C4EFC962382ED8B00F02EF5 /* beta-60.png in Resources */ = {isa = PBXBuildFile; fileRef = 7C4EFC3B2382ED8B00F02EF5 /* beta-60.png */; };
		7C4EFC972382ED8B00F02EF5 /* beta-48.png in Resources */ = {isa = PBXBuildFile; fileRef = 7C4EFC3C2382ED8B00F02EF5 /* beta-48.png */; };
		7C4EFC982382ED8B00F02EF5 /* beta-76.png in Resources */ = {isa = PBXBuildFile; fileRef = 7C4EFC3D2382ED8B00F02EF5 /* beta-76.png */; };
		7C4EFC992382ED8B00F02EF5 /* beta-88.png in Resources */ = {isa = PBXBuildFile; fileRef = 7C4EFC3E2382ED8B00F02EF5 /* beta-88.png */; };
		7C4EFC9A2382ED8B00F02EF5 /* beta-1024.png in Resources */ = {isa = PBXBuildFile; fileRef = 7C4EFC3F2382ED8B00F02EF5 /* beta-1024.png */; };
		7C4EFC9B2382ED8B00F02EF5 /* beta-512.png in Resources */ = {isa = PBXBuildFile; fileRef = 7C4EFC402382ED8B00F02EF5 /* beta-512.png */; };
		7C4EFC9C2382ED8B00F02EF5 /* beta-114.png in Resources */ = {isa = PBXBuildFile; fileRef = 7C4EFC412382ED8B00F02EF5 /* beta-114.png */; };
		7C4EFC9D2382ED8B00F02EF5 /* beta-100.png in Resources */ = {isa = PBXBuildFile; fileRef = 7C4EFC422382ED8B00F02EF5 /* beta-100.png */; };
		7C4EFC9E2382ED8B00F02EF5 /* beta-128.png in Resources */ = {isa = PBXBuildFile; fileRef = 7C4EFC432382ED8B00F02EF5 /* beta-128.png */; };
		7C4EFC9F2382ED8B00F02EF5 /* beta-16.png in Resources */ = {isa = PBXBuildFile; fileRef = 7C4EFC442382ED8B00F02EF5 /* beta-16.png */; };
		7C4EFCA02382ED8B00F02EF5 /* beta-29.png in Resources */ = {isa = PBXBuildFile; fileRef = 7C4EFC452382ED8B00F02EF5 /* beta-29.png */; };
		7C4EFCA12382ED8B00F02EF5 /* beta-32.png in Resources */ = {isa = PBXBuildFile; fileRef = 7C4EFC462382ED8B00F02EF5 /* beta-32.png */; };
		7C4EFCA22382ED8B00F02EF5 /* beta-120.png in Resources */ = {isa = PBXBuildFile; fileRef = 7C4EFC472382ED8B00F02EF5 /* beta-120.png */; };
		7C4EFCA32382ED8B00F02EF5 /* beta-256.png in Resources */ = {isa = PBXBuildFile; fileRef = 7C4EFC482382ED8B00F02EF5 /* beta-256.png */; };
		7C4EFCA42382ED8B00F02EF5 /* beta-20.png in Resources */ = {isa = PBXBuildFile; fileRef = 7C4EFC492382ED8B00F02EF5 /* beta-20.png */; };
		7C4EFCA52382ED8B00F02EF5 /* beta-196.png in Resources */ = {isa = PBXBuildFile; fileRef = 7C4EFC4A2382ED8B00F02EF5 /* beta-196.png */; };
		7C4EFCA62382ED8B00F02EF5 /* beta-180.png in Resources */ = {isa = PBXBuildFile; fileRef = 7C4EFC4B2382ED8B00F02EF5 /* beta-180.png */; };
		7C4EFCA72382ED8B00F02EF5 /* beta-87.png in Resources */ = {isa = PBXBuildFile; fileRef = 7C4EFC4C2382ED8B00F02EF5 /* beta-87.png */; };
		7C4EFCA82382ED8B00F02EF5 /* beta-50.png in Resources */ = {isa = PBXBuildFile; fileRef = 7C4EFC4D2382ED8B00F02EF5 /* beta-50.png */; };
		7C4EFCA92382ED8B00F02EF5 /* beta-40.png in Resources */ = {isa = PBXBuildFile; fileRef = 7C4EFC4E2382ED8B00F02EF5 /* beta-40.png */; };
		7C4EFCAA2382ED8B00F02EF5 /* beta-152.png in Resources */ = {isa = PBXBuildFile; fileRef = 7C4EFC4F2382ED8B00F02EF5 /* beta-152.png */; };
		7C4EFCAB2382ED8B00F02EF5 /* beta-55.png in Resources */ = {isa = PBXBuildFile; fileRef = 7C4EFC502382ED8B00F02EF5 /* beta-55.png */; };
		7C4EFCAC2382ED8B00F02EF5 /* beta-57.png in Resources */ = {isa = PBXBuildFile; fileRef = 7C4EFC512382ED8B00F02EF5 /* beta-57.png */; };
		7C4EFCAD2382ED8B00F02EF5 /* beta-80.png in Resources */ = {isa = PBXBuildFile; fileRef = 7C4EFC522382ED8B00F02EF5 /* beta-80.png */; };
		7C4EFCAE2382ED8B00F02EF5 /* beta-144.png in Resources */ = {isa = PBXBuildFile; fileRef = 7C4EFC532382ED8B00F02EF5 /* beta-144.png */; };
		7C4EFCAF2382ED8B00F02EF5 /* prod-167.png in Resources */ = {isa = PBXBuildFile; fileRef = 7C4EFC552382ED8B00F02EF5 /* prod-167.png */; };
		7C4EFCB02382ED8B00F02EF5 /* prod-172.png in Resources */ = {isa = PBXBuildFile; fileRef = 7C4EFC562382ED8B00F02EF5 /* prod-172.png */; };
		7C4EFCB12382ED8B00F02EF5 /* prod-32.png in Resources */ = {isa = PBXBuildFile; fileRef = 7C4EFC572382ED8B00F02EF5 /* prod-32.png */; };
		7C4EFCB22382ED8B00F02EF5 /* prod-20.png in Resources */ = {isa = PBXBuildFile; fileRef = 7C4EFC582382ED8B00F02EF5 /* prod-20.png */; };
		7C4EFCB32382ED8B00F02EF5 /* prod-1024.png in Resources */ = {isa = PBXBuildFile; fileRef = 7C4EFC592382ED8B00F02EF5 /* prod-1024.png */; };
		7C4EFCB42382ED8B00F02EF5 /* prod-87.png in Resources */ = {isa = PBXBuildFile; fileRef = 7C4EFC5A2382ED8B00F02EF5 /* prod-87.png */; };
		7C4EFCB52382ED8B00F02EF5 /* prod-50.png in Resources */ = {isa = PBXBuildFile; fileRef = 7C4EFC5B2382ED8B00F02EF5 /* prod-50.png */; };
		7C4EFCB62382ED8B00F02EF5 /* prod-40.png in Resources */ = {isa = PBXBuildFile; fileRef = 7C4EFC5C2382ED8B00F02EF5 /* prod-40.png */; };
		7C4EFCB72382ED8B00F02EF5 /* prod-512.png in Resources */ = {isa = PBXBuildFile; fileRef = 7C4EFC5D2382ED8B00F02EF5 /* prod-512.png */; };
		7C4EFCB82382ED8B00F02EF5 /* prod-55.png in Resources */ = {isa = PBXBuildFile; fileRef = 7C4EFC5E2382ED8B00F02EF5 /* prod-55.png */; };
		7C4EFCB92382ED8B00F02EF5 /* prod-80.png in Resources */ = {isa = PBXBuildFile; fileRef = 7C4EFC5F2382ED8B00F02EF5 /* prod-80.png */; };
		7C4EFCBA2382ED8B00F02EF5 /* prod-128.png in Resources */ = {isa = PBXBuildFile; fileRef = 7C4EFC602382ED8B00F02EF5 /* prod-128.png */; };
		7C4EFCBB2382ED8B00F02EF5 /* prod-114.png in Resources */ = {isa = PBXBuildFile; fileRef = 7C4EFC612382ED8B00F02EF5 /* prod-114.png */; };
		7C4EFCBC2382ED8B00F02EF5 /* prod-100.png in Resources */ = {isa = PBXBuildFile; fileRef = 7C4EFC622382ED8B00F02EF5 /* prod-100.png */; };
		7C4EFCBD2382ED8B00F02EF5 /* prod-72.png in Resources */ = {isa = PBXBuildFile; fileRef = 7C4EFC632382ED8B00F02EF5 /* prod-72.png */; };
		7C4EFCBE2382ED8B00F02EF5 /* Icon-57.png in Resources */ = {isa = PBXBuildFile; fileRef = 7C4EFC642382ED8B00F02EF5 /* Icon-57.png */; };
		7C4EFCBF2382ED8B00F02EF5 /* prod-58.png in Resources */ = {isa = PBXBuildFile; fileRef = 7C4EFC652382ED8B00F02EF5 /* prod-58.png */; };
		7C4EFCC02382ED8B00F02EF5 /* prod-64.png in Resources */ = {isa = PBXBuildFile; fileRef = 7C4EFC662382ED8B00F02EF5 /* prod-64.png */; };
		7C4EFCC12382ED8B00F02EF5 /* prod-48.png in Resources */ = {isa = PBXBuildFile; fileRef = 7C4EFC672382ED8B00F02EF5 /* prod-48.png */; };
		7C4EFCC22382ED8B00F02EF5 /* prod-60.png in Resources */ = {isa = PBXBuildFile; fileRef = 7C4EFC682382ED8B00F02EF5 /* prod-60.png */; };
		7C4EFCC32382ED8B00F02EF5 /* prod-76.png in Resources */ = {isa = PBXBuildFile; fileRef = 7C4EFC692382ED8B00F02EF5 /* prod-76.png */; };
		7C4EFCC42382ED8B00F02EF5 /* prod-256.png in Resources */ = {isa = PBXBuildFile; fileRef = 7C4EFC6A2382ED8B00F02EF5 /* prod-256.png */; };
		7C4EFCC52382ED8B00F02EF5 /* prod-120.png in Resources */ = {isa = PBXBuildFile; fileRef = 7C4EFC6B2382ED8B00F02EF5 /* prod-120.png */; };
		7C4EFCC62382ED8B00F02EF5 /* prod-88.png in Resources */ = {isa = PBXBuildFile; fileRef = 7C4EFC6C2382ED8B00F02EF5 /* prod-88.png */; };
		7C4EFCC72382ED8B00F02EF5 /* prod-152.png in Resources */ = {isa = PBXBuildFile; fileRef = 7C4EFC6D2382ED8B00F02EF5 /* prod-152.png */; };
		7C4EFCC82382ED8B00F02EF5 /* prod-144.png in Resources */ = {isa = PBXBuildFile; fileRef = 7C4EFC6E2382ED8B00F02EF5 /* prod-144.png */; };
		7C4EFCC92382ED8B00F02EF5 /* prod-16.png in Resources */ = {isa = PBXBuildFile; fileRef = 7C4EFC6F2382ED8B00F02EF5 /* prod-16.png */; };
		7C4EFCCA2382ED8B00F02EF5 /* prod-196.png in Resources */ = {isa = PBXBuildFile; fileRef = 7C4EFC702382ED8B00F02EF5 /* prod-196.png */; };
		7C4EFCCB2382ED8B00F02EF5 /* prod-29.png in Resources */ = {isa = PBXBuildFile; fileRef = 7C4EFC712382ED8B00F02EF5 /* prod-29.png */; };
		7C4EFCCC2382ED8B00F02EF5 /* prod-180.png in Resources */ = {isa = PBXBuildFile; fileRef = 7C4EFC722382ED8B00F02EF5 /* prod-180.png */; };
		83C7F312A8A72D4EE73A545F /* libPods-reactNativeOfflineTests.a in Frameworks */ = {isa = PBXBuildFile; fileRef = C7047516774D261281AA8DB0 /* libPods-reactNativeOfflineTests.a */; };
		8B12485D7C0DC9462C58B70F /* libPods-reactNativeOffline-tvOS.a in Frameworks */ = {isa = PBXBuildFile; fileRef = 38A175068427DBDBADF46265 /* libPods-reactNativeOffline-tvOS.a */; };
/* End PBXBuildFile section */

/* Begin PBXContainerItemProxy section */
		00E356F41AD99517003FC87E /* PBXContainerItemProxy */ = {
			isa = PBXContainerItemProxy;
			containerPortal = 83CBB9F71A601CBA00E9B192 /* Project object */;
			proxyType = 1;
			remoteGlobalIDString = 13B07F861A680F5B00A75B9A;
			remoteInfo = reactNativeOffline;
		};
		2D02E4911E0B4A5D006451C7 /* PBXContainerItemProxy */ = {
			isa = PBXContainerItemProxy;
			containerPortal = 83CBB9F71A601CBA00E9B192 /* Project object */;
			proxyType = 1;
			remoteGlobalIDString = 2D02E47A1E0B4A5D006451C7;
			remoteInfo = "reactNativeOffline-tvOS";
		};
/* End PBXContainerItemProxy section */

/* Begin PBXFileReference section */
		008F07F21AC5B25A0029DE68 /* main.jsbundle */ = {isa = PBXFileReference; fileEncoding = 4; lastKnownFileType = text; path = main.jsbundle; sourceTree = "<group>"; };
		00E356EE1AD99517003FC87E /* reactNativeOfflineTests.xctest */ = {isa = PBXFileReference; explicitFileType = wrapper.cfbundle; includeInIndex = 0; path = reactNativeOfflineTests.xctest; sourceTree = BUILT_PRODUCTS_DIR; };
		00E356F11AD99517003FC87E /* Info.plist */ = {isa = PBXFileReference; lastKnownFileType = text.plist.xml; path = Info.plist; sourceTree = "<group>"; };
		00E356F21AD99517003FC87E /* reactNativeOfflineTests.m */ = {isa = PBXFileReference; lastKnownFileType = sourcecode.c.objc; path = reactNativeOfflineTests.m; sourceTree = "<group>"; };
		06BDCEF03EB4EBA872F2A07C /* libPods-reactNativeOffline.a */ = {isa = PBXFileReference; explicitFileType = archive.ar; includeInIndex = 0; path = "libPods-reactNativeOffline.a"; sourceTree = BUILT_PRODUCTS_DIR; };
		13B07F961A680F5B00A75B9A /* reactNativeOffline.app */ = {isa = PBXFileReference; explicitFileType = wrapper.application; includeInIndex = 0; path = reactNativeOffline.app; sourceTree = BUILT_PRODUCTS_DIR; };
		13B07FAF1A68108700A75B9A /* AppDelegate.h */ = {isa = PBXFileReference; fileEncoding = 4; lastKnownFileType = sourcecode.c.h; name = AppDelegate.h; path = reactNativeOffline/AppDelegate.h; sourceTree = "<group>"; };
		13B07FB01A68108700A75B9A /* AppDelegate.m */ = {isa = PBXFileReference; fileEncoding = 4; lastKnownFileType = sourcecode.c.objc; name = AppDelegate.m; path = reactNativeOffline/AppDelegate.m; sourceTree = "<group>"; };
		13B07FB21A68108700A75B9A /* Base */ = {isa = PBXFileReference; lastKnownFileType = file.xib; name = Base; path = Base.lproj/LaunchScreen.xib; sourceTree = "<group>"; };
		13B07FB51A68108700A75B9A /* Images.xcassets */ = {isa = PBXFileReference; lastKnownFileType = folder.assetcatalog; name = Images.xcassets; path = reactNativeOffline/Images.xcassets; sourceTree = "<group>"; };
		13B07FB61A68108700A75B9A /* Info.plist */ = {isa = PBXFileReference; fileEncoding = 4; lastKnownFileType = text.plist.xml; name = Info.plist; path = reactNativeOffline/Info.plist; sourceTree = "<group>"; };
		13B07FB71A68108700A75B9A /* main.m */ = {isa = PBXFileReference; fileEncoding = 4; lastKnownFileType = sourcecode.c.objc; name = main.m; path = reactNativeOffline/main.m; sourceTree = "<group>"; };
		2D02E47B1E0B4A5D006451C7 /* reactNativeOffline-tvOS.app */ = {isa = PBXFileReference; explicitFileType = wrapper.application; includeInIndex = 0; path = "reactNativeOffline-tvOS.app"; sourceTree = BUILT_PRODUCTS_DIR; };
		2D02E4901E0B4A5D006451C7 /* reactNativeOffline-tvOSTests.xctest */ = {isa = PBXFileReference; explicitFileType = wrapper.cfbundle; includeInIndex = 0; path = "reactNativeOffline-tvOSTests.xctest"; sourceTree = BUILT_PRODUCTS_DIR; };
		3038F8196D880D771FF12F72 /* Pods-reactNativeOffline-tvOS.beta.xcconfig */ = {isa = PBXFileReference; includeInIndex = 1; lastKnownFileType = text.xcconfig; name = "Pods-reactNativeOffline-tvOS.beta.xcconfig"; path = "Target Support Files/Pods-reactNativeOffline-tvOS/Pods-reactNativeOffline-tvOS.beta.xcconfig"; sourceTree = "<group>"; };
		38A175068427DBDBADF46265 /* libPods-reactNativeOffline-tvOS.a */ = {isa = PBXFileReference; explicitFileType = archive.ar; includeInIndex = 0; path = "libPods-reactNativeOffline-tvOS.a"; sourceTree = BUILT_PRODUCTS_DIR; };
		4B6FC61D568C61D022AC683F /* Pods-reactNativeOffline-tvOS.debug.xcconfig */ = {isa = PBXFileReference; includeInIndex = 1; lastKnownFileType = text.xcconfig; name = "Pods-reactNativeOffline-tvOS.debug.xcconfig"; path = "Target Support Files/Pods-reactNativeOffline-tvOS/Pods-reactNativeOffline-tvOS.debug.xcconfig"; sourceTree = "<group>"; };
		4D25CDCB792C80E71F297656 /* Pods-reactNativeOffline.release.xcconfig */ = {isa = PBXFileReference; includeInIndex = 1; lastKnownFileType = text.xcconfig; name = "Pods-reactNativeOffline.release.xcconfig"; path = "Target Support Files/Pods-reactNativeOffline/Pods-reactNativeOffline.release.xcconfig"; sourceTree = "<group>"; };
		7C4EFC172382ED8B00F02EF5 /* dev-128.png */ = {isa = PBXFileReference; lastKnownFileType = image.png; path = "dev-128.png"; sourceTree = "<group>"; };
		7C4EFC182382ED8B00F02EF5 /* dev-100.png */ = {isa = PBXFileReference; lastKnownFileType = image.png; path = "dev-100.png"; sourceTree = "<group>"; };
		7C4EFC192382ED8B00F02EF5 /* dev-114.png */ = {isa = PBXFileReference; lastKnownFileType = image.png; path = "dev-114.png"; sourceTree = "<group>"; };
		7C4EFC1A2382ED8B00F02EF5 /* dev-512.png */ = {isa = PBXFileReference; lastKnownFileType = image.png; path = "dev-512.png"; sourceTree = "<group>"; };
		7C4EFC1B2382ED8B00F02EF5 /* dev-29.png */ = {isa = PBXFileReference; lastKnownFileType = image.png; path = "dev-29.png"; sourceTree = "<group>"; };
		7C4EFC1C2382ED8B00F02EF5 /* dev-16.png */ = {isa = PBXFileReference; lastKnownFileType = image.png; path = "dev-16.png"; sourceTree = "<group>"; };
		7C4EFC1D2382ED8B00F02EF5 /* dev-64.png */ = {isa = PBXFileReference; lastKnownFileType = image.png; path = "dev-64.png"; sourceTree = "<group>"; };
		7C4EFC1E2382ED8B00F02EF5 /* dev-58.png */ = {isa = PBXFileReference; lastKnownFileType = image.png; path = "dev-58.png"; sourceTree = "<group>"; };
		7C4EFC1F2382ED8B00F02EF5 /* dev-72.png */ = {isa = PBXFileReference; lastKnownFileType = image.png; path = "dev-72.png"; sourceTree = "<group>"; };
		7C4EFC202382ED8B00F02EF5 /* dev-88.png */ = {isa = PBXFileReference; lastKnownFileType = image.png; path = "dev-88.png"; sourceTree = "<group>"; };
		7C4EFC212382ED8B00F02EF5 /* dev-76.png */ = {isa = PBXFileReference; lastKnownFileType = image.png; path = "dev-76.png"; sourceTree = "<group>"; };
		7C4EFC222382ED8B00F02EF5 /* dev-60.png */ = {isa = PBXFileReference; lastKnownFileType = image.png; path = "dev-60.png"; sourceTree = "<group>"; };
		7C4EFC232382ED8B00F02EF5 /* dev-48.png */ = {isa = PBXFileReference; lastKnownFileType = image.png; path = "dev-48.png"; sourceTree = "<group>"; };
		7C4EFC242382ED8B00F02EF5 /* dev-167.png */ = {isa = PBXFileReference; lastKnownFileType = image.png; path = "dev-167.png"; sourceTree = "<group>"; };
		7C4EFC252382ED8B00F02EF5 /* dev-172.png */ = {isa = PBXFileReference; lastKnownFileType = image.png; path = "dev-172.png"; sourceTree = "<group>"; };
		7C4EFC262382ED8B00F02EF5 /* dev-180.png */ = {isa = PBXFileReference; lastKnownFileType = image.png; path = "dev-180.png"; sourceTree = "<group>"; };
		7C4EFC272382ED8B00F02EF5 /* dev-50.png */ = {isa = PBXFileReference; lastKnownFileType = image.png; path = "dev-50.png"; sourceTree = "<group>"; };
		7C4EFC282382ED8B00F02EF5 /* dev-87.png */ = {isa = PBXFileReference; lastKnownFileType = image.png; path = "dev-87.png"; sourceTree = "<group>"; };
		7C4EFC292382ED8B00F02EF5 /* dev-196.png */ = {isa = PBXFileReference; lastKnownFileType = image.png; path = "dev-196.png"; sourceTree = "<group>"; };
		7C4EFC2A2382ED8B00F02EF5 /* dev-144.png */ = {isa = PBXFileReference; lastKnownFileType = image.png; path = "dev-144.png"; sourceTree = "<group>"; };
		7C4EFC2B2382ED8B00F02EF5 /* dev-80.png */ = {isa = PBXFileReference; lastKnownFileType = image.png; path = "dev-80.png"; sourceTree = "<group>"; };
		7C4EFC2C2382ED8B00F02EF5 /* dev-57.png */ = {isa = PBXFileReference; lastKnownFileType = image.png; path = "dev-57.png"; sourceTree = "<group>"; };
		7C4EFC2D2382ED8B00F02EF5 /* dev-55.png */ = {isa = PBXFileReference; lastKnownFileType = image.png; path = "dev-55.png"; sourceTree = "<group>"; };
		7C4EFC2E2382ED8B00F02EF5 /* dev-152.png */ = {isa = PBXFileReference; lastKnownFileType = image.png; path = "dev-152.png"; sourceTree = "<group>"; };
		7C4EFC2F2382ED8B00F02EF5 /* dev-40.png */ = {isa = PBXFileReference; lastKnownFileType = image.png; path = "dev-40.png"; sourceTree = "<group>"; };
		7C4EFC302382ED8B00F02EF5 /* dev-120.png */ = {isa = PBXFileReference; lastKnownFileType = image.png; path = "dev-120.png"; sourceTree = "<group>"; };
		7C4EFC312382ED8B00F02EF5 /* dev-256.png */ = {isa = PBXFileReference; lastKnownFileType = image.png; path = "dev-256.png"; sourceTree = "<group>"; };
		7C4EFC322382ED8B00F02EF5 /* dev-32.png */ = {isa = PBXFileReference; lastKnownFileType = image.png; path = "dev-32.png"; sourceTree = "<group>"; };
		7C4EFC332382ED8B00F02EF5 /* dev-1024.png */ = {isa = PBXFileReference; lastKnownFileType = image.png; path = "dev-1024.png"; sourceTree = "<group>"; };
		7C4EFC342382ED8B00F02EF5 /* dev-20.png */ = {isa = PBXFileReference; lastKnownFileType = image.png; path = "dev-20.png"; sourceTree = "<group>"; };
		7C4EFC362382ED8B00F02EF5 /* beta-72.png */ = {isa = PBXFileReference; lastKnownFileType = image.png; path = "beta-72.png"; sourceTree = "<group>"; };
		7C4EFC372382ED8B00F02EF5 /* beta-64.png */ = {isa = PBXFileReference; lastKnownFileType = image.png; path = "beta-64.png"; sourceTree = "<group>"; };
		7C4EFC382382ED8B00F02EF5 /* beta-58.png */ = {isa = PBXFileReference; lastKnownFileType = image.png; path = "beta-58.png"; sourceTree = "<group>"; };
		7C4EFC392382ED8B00F02EF5 /* beta-172.png */ = {isa = PBXFileReference; lastKnownFileType = image.png; path = "beta-172.png"; sourceTree = "<group>"; };
		7C4EFC3A2382ED8B00F02EF5 /* beta-167.png */ = {isa = PBXFileReference; lastKnownFileType = image.png; path = "beta-167.png"; sourceTree = "<group>"; };
		7C4EFC3B2382ED8B00F02EF5 /* beta-60.png */ = {isa = PBXFileReference; lastKnownFileType = image.png; path = "beta-60.png"; sourceTree = "<group>"; };
		7C4EFC3C2382ED8B00F02EF5 /* beta-48.png */ = {isa = PBXFileReference; lastKnownFileType = image.png; path = "beta-48.png"; sourceTree = "<group>"; };
		7C4EFC3D2382ED8B00F02EF5 /* beta-76.png */ = {isa = PBXFileReference; lastKnownFileType = image.png; path = "beta-76.png"; sourceTree = "<group>"; };
		7C4EFC3E2382ED8B00F02EF5 /* beta-88.png */ = {isa = PBXFileReference; lastKnownFileType = image.png; path = "beta-88.png"; sourceTree = "<group>"; };
		7C4EFC3F2382ED8B00F02EF5 /* beta-1024.png */ = {isa = PBXFileReference; lastKnownFileType = image.png; path = "beta-1024.png"; sourceTree = "<group>"; };
		7C4EFC402382ED8B00F02EF5 /* beta-512.png */ = {isa = PBXFileReference; lastKnownFileType = image.png; path = "beta-512.png"; sourceTree = "<group>"; };
		7C4EFC412382ED8B00F02EF5 /* beta-114.png */ = {isa = PBXFileReference; lastKnownFileType = image.png; path = "beta-114.png"; sourceTree = "<group>"; };
		7C4EFC422382ED8B00F02EF5 /* beta-100.png */ = {isa = PBXFileReference; lastKnownFileType = image.png; path = "beta-100.png"; sourceTree = "<group>"; };
		7C4EFC432382ED8B00F02EF5 /* beta-128.png */ = {isa = PBXFileReference; lastKnownFileType = image.png; path = "beta-128.png"; sourceTree = "<group>"; };
		7C4EFC442382ED8B00F02EF5 /* beta-16.png */ = {isa = PBXFileReference; lastKnownFileType = image.png; path = "beta-16.png"; sourceTree = "<group>"; };
		7C4EFC452382ED8B00F02EF5 /* beta-29.png */ = {isa = PBXFileReference; lastKnownFileType = image.png; path = "beta-29.png"; sourceTree = "<group>"; };
		7C4EFC462382ED8B00F02EF5 /* beta-32.png */ = {isa = PBXFileReference; lastKnownFileType = image.png; path = "beta-32.png"; sourceTree = "<group>"; };
		7C4EFC472382ED8B00F02EF5 /* beta-120.png */ = {isa = PBXFileReference; lastKnownFileType = image.png; path = "beta-120.png"; sourceTree = "<group>"; };
		7C4EFC482382ED8B00F02EF5 /* beta-256.png */ = {isa = PBXFileReference; lastKnownFileType = image.png; path = "beta-256.png"; sourceTree = "<group>"; };
		7C4EFC492382ED8B00F02EF5 /* beta-20.png */ = {isa = PBXFileReference; lastKnownFileType = image.png; path = "beta-20.png"; sourceTree = "<group>"; };
		7C4EFC4A2382ED8B00F02EF5 /* beta-196.png */ = {isa = PBXFileReference; lastKnownFileType = image.png; path = "beta-196.png"; sourceTree = "<group>"; };
		7C4EFC4B2382ED8B00F02EF5 /* beta-180.png */ = {isa = PBXFileReference; lastKnownFileType = image.png; path = "beta-180.png"; sourceTree = "<group>"; };
		7C4EFC4C2382ED8B00F02EF5 /* beta-87.png */ = {isa = PBXFileReference; lastKnownFileType = image.png; path = "beta-87.png"; sourceTree = "<group>"; };
		7C4EFC4D2382ED8B00F02EF5 /* beta-50.png */ = {isa = PBXFileReference; lastKnownFileType = image.png; path = "beta-50.png"; sourceTree = "<group>"; };
		7C4EFC4E2382ED8B00F02EF5 /* beta-40.png */ = {isa = PBXFileReference; lastKnownFileType = image.png; path = "beta-40.png"; sourceTree = "<group>"; };
		7C4EFC4F2382ED8B00F02EF5 /* beta-152.png */ = {isa = PBXFileReference; lastKnownFileType = image.png; path = "beta-152.png"; sourceTree = "<group>"; };
		7C4EFC502382ED8B00F02EF5 /* beta-55.png */ = {isa = PBXFileReference; lastKnownFileType = image.png; path = "beta-55.png"; sourceTree = "<group>"; };
		7C4EFC512382ED8B00F02EF5 /* beta-57.png */ = {isa = PBXFileReference; lastKnownFileType = image.png; path = "beta-57.png"; sourceTree = "<group>"; };
		7C4EFC522382ED8B00F02EF5 /* beta-80.png */ = {isa = PBXFileReference; lastKnownFileType = image.png; path = "beta-80.png"; sourceTree = "<group>"; };
		7C4EFC532382ED8B00F02EF5 /* beta-144.png */ = {isa = PBXFileReference; lastKnownFileType = image.png; path = "beta-144.png"; sourceTree = "<group>"; };
		7C4EFC552382ED8B00F02EF5 /* prod-167.png */ = {isa = PBXFileReference; lastKnownFileType = image.png; path = "prod-167.png"; sourceTree = "<group>"; };
		7C4EFC562382ED8B00F02EF5 /* prod-172.png */ = {isa = PBXFileReference; lastKnownFileType = image.png; path = "prod-172.png"; sourceTree = "<group>"; };
		7C4EFC572382ED8B00F02EF5 /* prod-32.png */ = {isa = PBXFileReference; lastKnownFileType = image.png; path = "prod-32.png"; sourceTree = "<group>"; };
		7C4EFC582382ED8B00F02EF5 /* prod-20.png */ = {isa = PBXFileReference; lastKnownFileType = image.png; path = "prod-20.png"; sourceTree = "<group>"; };
		7C4EFC592382ED8B00F02EF5 /* prod-1024.png */ = {isa = PBXFileReference; lastKnownFileType = image.png; path = "prod-1024.png"; sourceTree = "<group>"; };
		7C4EFC5A2382ED8B00F02EF5 /* prod-87.png */ = {isa = PBXFileReference; lastKnownFileType = image.png; path = "prod-87.png"; sourceTree = "<group>"; };
		7C4EFC5B2382ED8B00F02EF5 /* prod-50.png */ = {isa = PBXFileReference; lastKnownFileType = image.png; path = "prod-50.png"; sourceTree = "<group>"; };
		7C4EFC5C2382ED8B00F02EF5 /* prod-40.png */ = {isa = PBXFileReference; lastKnownFileType = image.png; path = "prod-40.png"; sourceTree = "<group>"; };
		7C4EFC5D2382ED8B00F02EF5 /* prod-512.png */ = {isa = PBXFileReference; lastKnownFileType = image.png; path = "prod-512.png"; sourceTree = "<group>"; };
		7C4EFC5E2382ED8B00F02EF5 /* prod-55.png */ = {isa = PBXFileReference; lastKnownFileType = image.png; path = "prod-55.png"; sourceTree = "<group>"; };
		7C4EFC5F2382ED8B00F02EF5 /* prod-80.png */ = {isa = PBXFileReference; lastKnownFileType = image.png; path = "prod-80.png"; sourceTree = "<group>"; };
		7C4EFC602382ED8B00F02EF5 /* prod-128.png */ = {isa = PBXFileReference; lastKnownFileType = image.png; path = "prod-128.png"; sourceTree = "<group>"; };
		7C4EFC612382ED8B00F02EF5 /* prod-114.png */ = {isa = PBXFileReference; lastKnownFileType = image.png; path = "prod-114.png"; sourceTree = "<group>"; };
		7C4EFC622382ED8B00F02EF5 /* prod-100.png */ = {isa = PBXFileReference; lastKnownFileType = image.png; path = "prod-100.png"; sourceTree = "<group>"; };
		7C4EFC632382ED8B00F02EF5 /* prod-72.png */ = {isa = PBXFileReference; lastKnownFileType = image.png; path = "prod-72.png"; sourceTree = "<group>"; };
		7C4EFC642382ED8B00F02EF5 /* Icon-57.png */ = {isa = PBXFileReference; lastKnownFileType = image.png; path = "Icon-57.png"; sourceTree = "<group>"; };
		7C4EFC652382ED8B00F02EF5 /* prod-58.png */ = {isa = PBXFileReference; lastKnownFileType = image.png; path = "prod-58.png"; sourceTree = "<group>"; };
		7C4EFC662382ED8B00F02EF5 /* prod-64.png */ = {isa = PBXFileReference; lastKnownFileType = image.png; path = "prod-64.png"; sourceTree = "<group>"; };
		7C4EFC672382ED8B00F02EF5 /* prod-48.png */ = {isa = PBXFileReference; lastKnownFileType = image.png; path = "prod-48.png"; sourceTree = "<group>"; };
		7C4EFC682382ED8B00F02EF5 /* prod-60.png */ = {isa = PBXFileReference; lastKnownFileType = image.png; path = "prod-60.png"; sourceTree = "<group>"; };
		7C4EFC692382ED8B00F02EF5 /* prod-76.png */ = {isa = PBXFileReference; lastKnownFileType = image.png; path = "prod-76.png"; sourceTree = "<group>"; };
		7C4EFC6A2382ED8B00F02EF5 /* prod-256.png */ = {isa = PBXFileReference; lastKnownFileType = image.png; path = "prod-256.png"; sourceTree = "<group>"; };
		7C4EFC6B2382ED8B00F02EF5 /* prod-120.png */ = {isa = PBXFileReference; lastKnownFileType = image.png; path = "prod-120.png"; sourceTree = "<group>"; };
		7C4EFC6C2382ED8B00F02EF5 /* prod-88.png */ = {isa = PBXFileReference; lastKnownFileType = image.png; path = "prod-88.png"; sourceTree = "<group>"; };
		7C4EFC6D2382ED8B00F02EF5 /* prod-152.png */ = {isa = PBXFileReference; lastKnownFileType = image.png; path = "prod-152.png"; sourceTree = "<group>"; };
		7C4EFC6E2382ED8B00F02EF5 /* prod-144.png */ = {isa = PBXFileReference; lastKnownFileType = image.png; path = "prod-144.png"; sourceTree = "<group>"; };
		7C4EFC6F2382ED8B00F02EF5 /* prod-16.png */ = {isa = PBXFileReference; lastKnownFileType = image.png; path = "prod-16.png"; sourceTree = "<group>"; };
		7C4EFC702382ED8B00F02EF5 /* prod-196.png */ = {isa = PBXFileReference; lastKnownFileType = image.png; path = "prod-196.png"; sourceTree = "<group>"; };
		7C4EFC712382ED8B00F02EF5 /* prod-29.png */ = {isa = PBXFileReference; lastKnownFileType = image.png; path = "prod-29.png"; sourceTree = "<group>"; };
		7C4EFC722382ED8B00F02EF5 /* prod-180.png */ = {isa = PBXFileReference; lastKnownFileType = image.png; path = "prod-180.png"; sourceTree = "<group>"; };
		80CF151F08122B33C1D35E9C /* Pods-reactNativeOffline-tvOS.release.xcconfig */ = {isa = PBXFileReference; includeInIndex = 1; lastKnownFileType = text.xcconfig; name = "Pods-reactNativeOffline-tvOS.release.xcconfig"; path = "Target Support Files/Pods-reactNativeOffline-tvOS/Pods-reactNativeOffline-tvOS.release.xcconfig"; sourceTree = "<group>"; };
		95F32E6EED5BFDA94E29E896 /* Pods-reactNativeOffline-tvOSTests.debug.xcconfig */ = {isa = PBXFileReference; includeInIndex = 1; lastKnownFileType = text.xcconfig; name = "Pods-reactNativeOffline-tvOSTests.debug.xcconfig"; path = "Target Support Files/Pods-reactNativeOffline-tvOSTests/Pods-reactNativeOffline-tvOSTests.debug.xcconfig"; sourceTree = "<group>"; };
		A173B472FA40B673BDB2F908 /* libPods-reactNativeOffline-tvOSTests.a */ = {isa = PBXFileReference; explicitFileType = archive.ar; includeInIndex = 0; path = "libPods-reactNativeOffline-tvOSTests.a"; sourceTree = BUILT_PRODUCTS_DIR; };
		A8B19C23A0D3586DD8466612 /* Pods-reactNativeOffline.debug.xcconfig */ = {isa = PBXFileReference; includeInIndex = 1; lastKnownFileType = text.xcconfig; name = "Pods-reactNativeOffline.debug.xcconfig"; path = "Target Support Files/Pods-reactNativeOffline/Pods-reactNativeOffline.debug.xcconfig"; sourceTree = "<group>"; };
		AEB3D973522FA424D930B017 /* Pods-reactNativeOfflineTests.release.xcconfig */ = {isa = PBXFileReference; includeInIndex = 1; lastKnownFileType = text.xcconfig; name = "Pods-reactNativeOfflineTests.release.xcconfig"; path = "Target Support Files/Pods-reactNativeOfflineTests/Pods-reactNativeOfflineTests.release.xcconfig"; sourceTree = "<group>"; };
		BD5CF27F6955F674FB6C4B81 /* Pods-reactNativeOffline-tvOSTests.beta.xcconfig */ = {isa = PBXFileReference; includeInIndex = 1; lastKnownFileType = text.xcconfig; name = "Pods-reactNativeOffline-tvOSTests.beta.xcconfig"; path = "Target Support Files/Pods-reactNativeOffline-tvOSTests/Pods-reactNativeOffline-tvOSTests.beta.xcconfig"; sourceTree = "<group>"; };
		C22332140DE88B51122BE74C /* Pods-reactNativeOffline.beta.xcconfig */ = {isa = PBXFileReference; includeInIndex = 1; lastKnownFileType = text.xcconfig; name = "Pods-reactNativeOffline.beta.xcconfig"; path = "Target Support Files/Pods-reactNativeOffline/Pods-reactNativeOffline.beta.xcconfig"; sourceTree = "<group>"; };
		C6B928F60A1181A961332FD8 /* Pods-reactNativeOfflineTests.beta.xcconfig */ = {isa = PBXFileReference; includeInIndex = 1; lastKnownFileType = text.xcconfig; name = "Pods-reactNativeOfflineTests.beta.xcconfig"; path = "Target Support Files/Pods-reactNativeOfflineTests/Pods-reactNativeOfflineTests.beta.xcconfig"; sourceTree = "<group>"; };
		C7047516774D261281AA8DB0 /* libPods-reactNativeOfflineTests.a */ = {isa = PBXFileReference; explicitFileType = archive.ar; includeInIndex = 0; path = "libPods-reactNativeOfflineTests.a"; sourceTree = BUILT_PRODUCTS_DIR; };
		D3C6CC50C395DB6E275B50CA /* Pods-reactNativeOfflineTests.debug.xcconfig */ = {isa = PBXFileReference; includeInIndex = 1; lastKnownFileType = text.xcconfig; name = "Pods-reactNativeOfflineTests.debug.xcconfig"; path = "Target Support Files/Pods-reactNativeOfflineTests/Pods-reactNativeOfflineTests.debug.xcconfig"; sourceTree = "<group>"; };
		DF833D568330E0606D8FE0A0 /* Pods-reactNativeOffline-tvOSTests.release.xcconfig */ = {isa = PBXFileReference; includeInIndex = 1; lastKnownFileType = text.xcconfig; name = "Pods-reactNativeOffline-tvOSTests.release.xcconfig"; path = "Target Support Files/Pods-reactNativeOffline-tvOSTests/Pods-reactNativeOffline-tvOSTests.release.xcconfig"; sourceTree = "<group>"; };
		ED297162215061F000B7C4FE /* JavaScriptCore.framework */ = {isa = PBXFileReference; lastKnownFileType = wrapper.framework; name = JavaScriptCore.framework; path = System/Library/Frameworks/JavaScriptCore.framework; sourceTree = SDKROOT; };
		ED2971642150620600B7C4FE /* JavaScriptCore.framework */ = {isa = PBXFileReference; lastKnownFileType = wrapper.framework; name = JavaScriptCore.framework; path = Platforms/AppleTVOS.platform/Developer/SDKs/AppleTVOS12.0.sdk/System/Library/Frameworks/JavaScriptCore.framework; sourceTree = DEVELOPER_DIR; };
/* End PBXFileReference section */

/* Begin PBXFrameworksBuildPhase section */
		00E356EB1AD99517003FC87E /* Frameworks */ = {
			isa = PBXFrameworksBuildPhase;
			buildActionMask = 2147483647;
			files = (
				83C7F312A8A72D4EE73A545F /* libPods-reactNativeOfflineTests.a in Frameworks */,
			);
			runOnlyForDeploymentPostprocessing = 0;
		};
		13B07F8C1A680F5B00A75B9A /* Frameworks */ = {
			isa = PBXFrameworksBuildPhase;
			buildActionMask = 2147483647;
			files = (
				360E0D7F5CE4A072DAB3028E /* libPods-reactNativeOffline.a in Frameworks */,
			);
			runOnlyForDeploymentPostprocessing = 0;
		};
		2D02E4781E0B4A5D006451C7 /* Frameworks */ = {
			isa = PBXFrameworksBuildPhase;
			buildActionMask = 2147483647;
			files = (
				8B12485D7C0DC9462C58B70F /* libPods-reactNativeOffline-tvOS.a in Frameworks */,
			);
			runOnlyForDeploymentPostprocessing = 0;
		};
		2D02E48D1E0B4A5D006451C7 /* Frameworks */ = {
			isa = PBXFrameworksBuildPhase;
			buildActionMask = 2147483647;
			files = (
				4D56FF0081003CC4C990E486 /* libPods-reactNativeOffline-tvOSTests.a in Frameworks */,
			);
			runOnlyForDeploymentPostprocessing = 0;
		};
/* End PBXFrameworksBuildPhase section */

/* Begin PBXGroup section */
		00E356EF1AD99517003FC87E /* reactNativeOfflineTests */ = {
			isa = PBXGroup;
			children = (
				00E356F21AD99517003FC87E /* reactNativeOfflineTests.m */,
				00E356F01AD99517003FC87E /* Supporting Files */,
			);
			path = reactNativeOfflineTests;
			sourceTree = "<group>";
		};
		00E356F01AD99517003FC87E /* Supporting Files */ = {
			isa = PBXGroup;
			children = (
				00E356F11AD99517003FC87E /* Info.plist */,
			);
			name = "Supporting Files";
			sourceTree = "<group>";
		};
		029FDFAE4A26DE7E0C710E70 /* Pods */ = {
			isa = PBXGroup;
			children = (
				A8B19C23A0D3586DD8466612 /* Pods-reactNativeOffline.debug.xcconfig */,
				4D25CDCB792C80E71F297656 /* Pods-reactNativeOffline.release.xcconfig */,
				4B6FC61D568C61D022AC683F /* Pods-reactNativeOffline-tvOS.debug.xcconfig */,
				80CF151F08122B33C1D35E9C /* Pods-reactNativeOffline-tvOS.release.xcconfig */,
				95F32E6EED5BFDA94E29E896 /* Pods-reactNativeOffline-tvOSTests.debug.xcconfig */,
				DF833D568330E0606D8FE0A0 /* Pods-reactNativeOffline-tvOSTests.release.xcconfig */,
				D3C6CC50C395DB6E275B50CA /* Pods-reactNativeOfflineTests.debug.xcconfig */,
				AEB3D973522FA424D930B017 /* Pods-reactNativeOfflineTests.release.xcconfig */,
				C22332140DE88B51122BE74C /* Pods-reactNativeOffline.beta.xcconfig */,
				3038F8196D880D771FF12F72 /* Pods-reactNativeOffline-tvOS.beta.xcconfig */,
				BD5CF27F6955F674FB6C4B81 /* Pods-reactNativeOffline-tvOSTests.beta.xcconfig */,
				C6B928F60A1181A961332FD8 /* Pods-reactNativeOfflineTests.beta.xcconfig */,
			);
			path = Pods;
			sourceTree = "<group>";
		};
		13B07FAE1A68108700A75B9A /* reactNativeOffline */ = {
			isa = PBXGroup;
			children = (
				008F07F21AC5B25A0029DE68 /* main.jsbundle */,
				13B07FAF1A68108700A75B9A /* AppDelegate.h */,
				13B07FB01A68108700A75B9A /* AppDelegate.m */,
				13B07FB51A68108700A75B9A /* Images.xcassets */,
				13B07FB61A68108700A75B9A /* Info.plist */,
				13B07FB11A68108700A75B9A /* LaunchScreen.xib */,
				13B07FB71A68108700A75B9A /* main.m */,
			);
			name = reactNativeOffline;
			sourceTree = "<group>";
		};
		2D16E6871FA4F8E400B85C8A /* Frameworks */ = {
			isa = PBXGroup;
			children = (
				ED297162215061F000B7C4FE /* JavaScriptCore.framework */,
				ED2971642150620600B7C4FE /* JavaScriptCore.framework */,
				06BDCEF03EB4EBA872F2A07C /* libPods-reactNativeOffline.a */,
				38A175068427DBDBADF46265 /* libPods-reactNativeOffline-tvOS.a */,
				A173B472FA40B673BDB2F908 /* libPods-reactNativeOffline-tvOSTests.a */,
				C7047516774D261281AA8DB0 /* libPods-reactNativeOfflineTests.a */,
			);
			name = Frameworks;
			sourceTree = "<group>";
		};
		7C4EFC162382ED8B00F02EF5 /* debug */ = {
			isa = PBXGroup;
			children = (
				7C4EFC172382ED8B00F02EF5 /* dev-128.png */,
				7C4EFC182382ED8B00F02EF5 /* dev-100.png */,
				7C4EFC192382ED8B00F02EF5 /* dev-114.png */,
				7C4EFC1A2382ED8B00F02EF5 /* dev-512.png */,
				7C4EFC1B2382ED8B00F02EF5 /* dev-29.png */,
				7C4EFC1C2382ED8B00F02EF5 /* dev-16.png */,
				7C4EFC1D2382ED8B00F02EF5 /* dev-64.png */,
				7C4EFC1E2382ED8B00F02EF5 /* dev-58.png */,
				7C4EFC1F2382ED8B00F02EF5 /* dev-72.png */,
				7C4EFC202382ED8B00F02EF5 /* dev-88.png */,
				7C4EFC212382ED8B00F02EF5 /* dev-76.png */,
				7C4EFC222382ED8B00F02EF5 /* dev-60.png */,
				7C4EFC232382ED8B00F02EF5 /* dev-48.png */,
				7C4EFC242382ED8B00F02EF5 /* dev-167.png */,
				7C4EFC252382ED8B00F02EF5 /* dev-172.png */,
				7C4EFC262382ED8B00F02EF5 /* dev-180.png */,
				7C4EFC272382ED8B00F02EF5 /* dev-50.png */,
				7C4EFC282382ED8B00F02EF5 /* dev-87.png */,
				7C4EFC292382ED8B00F02EF5 /* dev-196.png */,
				7C4EFC2A2382ED8B00F02EF5 /* dev-144.png */,
				7C4EFC2B2382ED8B00F02EF5 /* dev-80.png */,
				7C4EFC2C2382ED8B00F02EF5 /* dev-57.png */,
				7C4EFC2D2382ED8B00F02EF5 /* dev-55.png */,
				7C4EFC2E2382ED8B00F02EF5 /* dev-152.png */,
				7C4EFC2F2382ED8B00F02EF5 /* dev-40.png */,
				7C4EFC302382ED8B00F02EF5 /* dev-120.png */,
				7C4EFC312382ED8B00F02EF5 /* dev-256.png */,
				7C4EFC322382ED8B00F02EF5 /* dev-32.png */,
				7C4EFC332382ED8B00F02EF5 /* dev-1024.png */,
				7C4EFC342382ED8B00F02EF5 /* dev-20.png */,
			);
			path = debug;
			sourceTree = "<group>";
		};
		7C4EFC352382ED8B00F02EF5 /* beta */ = {
			isa = PBXGroup;
			children = (
				7C4EFC362382ED8B00F02EF5 /* beta-72.png */,
				7C4EFC372382ED8B00F02EF5 /* beta-64.png */,
				7C4EFC392382ED8B00F02EF5 /* beta-172.png */,
				7C4EFC3A2382ED8B00F02EF5 /* beta-167.png */,
				7C4EFC3B2382ED8B00F02EF5 /* beta-60.png */,
				7C4EFC3C2382ED8B00F02EF5 /* beta-48.png */,
				7C4EFC3D2382ED8B00F02EF5 /* beta-76.png */,
				7C4EFC3E2382ED8B00F02EF5 /* beta-88.png */,
				7C4EFC3F2382ED8B00F02EF5 /* beta-1024.png */,
				7C4EFC402382ED8B00F02EF5 /* beta-512.png */,
				7C4EFC382382ED8B00F02EF5 /* beta-58.png */,
				7C4EFC412382ED8B00F02EF5 /* beta-114.png */,
				7C4EFC422382ED8B00F02EF5 /* beta-100.png */,
				7C4EFC432382ED8B00F02EF5 /* beta-128.png */,
				7C4EFC442382ED8B00F02EF5 /* beta-16.png */,
				7C4EFC452382ED8B00F02EF5 /* beta-29.png */,
				7C4EFC462382ED8B00F02EF5 /* beta-32.png */,
				7C4EFC472382ED8B00F02EF5 /* beta-120.png */,
				7C4EFC482382ED8B00F02EF5 /* beta-256.png */,
				7C4EFC492382ED8B00F02EF5 /* beta-20.png */,
				7C4EFC4A2382ED8B00F02EF5 /* beta-196.png */,
				7C4EFC4B2382ED8B00F02EF5 /* beta-180.png */,
				7C4EFC4C2382ED8B00F02EF5 /* beta-87.png */,
				7C4EFC4D2382ED8B00F02EF5 /* beta-50.png */,
				7C4EFC4E2382ED8B00F02EF5 /* beta-40.png */,
				7C4EFC4F2382ED8B00F02EF5 /* beta-152.png */,
				7C4EFC502382ED8B00F02EF5 /* beta-55.png */,
				7C4EFC512382ED8B00F02EF5 /* beta-57.png */,
				7C4EFC522382ED8B00F02EF5 /* beta-80.png */,
				7C4EFC532382ED8B00F02EF5 /* beta-144.png */,
			);
			path = beta;
			sourceTree = "<group>";
		};
		7C4EFC542382ED8B00F02EF5 /* prod */ = {
			isa = PBXGroup;
			children = (
				7C4EFC552382ED8B00F02EF5 /* prod-167.png */,
				7C4EFC562382ED8B00F02EF5 /* prod-172.png */,
				7C4EFC572382ED8B00F02EF5 /* prod-32.png */,
				7C4EFC582382ED8B00F02EF5 /* prod-20.png */,
				7C4EFC592382ED8B00F02EF5 /* prod-1024.png */,
				7C4EFC5A2382ED8B00F02EF5 /* prod-87.png */,
				7C4EFC5B2382ED8B00F02EF5 /* prod-50.png */,
				7C4EFC5C2382ED8B00F02EF5 /* prod-40.png */,
				7C4EFC5D2382ED8B00F02EF5 /* prod-512.png */,
				7C4EFC5E2382ED8B00F02EF5 /* prod-55.png */,
				7C4EFC5F2382ED8B00F02EF5 /* prod-80.png */,
				7C4EFC602382ED8B00F02EF5 /* prod-128.png */,
				7C4EFC612382ED8B00F02EF5 /* prod-114.png */,
				7C4EFC622382ED8B00F02EF5 /* prod-100.png */,
				7C4EFC632382ED8B00F02EF5 /* prod-72.png */,
				7C4EFC642382ED8B00F02EF5 /* Icon-57.png */,
				7C4EFC652382ED8B00F02EF5 /* prod-58.png */,
				7C4EFC662382ED8B00F02EF5 /* prod-64.png */,
				7C4EFC672382ED8B00F02EF5 /* prod-48.png */,
				7C4EFC682382ED8B00F02EF5 /* prod-60.png */,
				7C4EFC692382ED8B00F02EF5 /* prod-76.png */,
				7C4EFC6A2382ED8B00F02EF5 /* prod-256.png */,
				7C4EFC6B2382ED8B00F02EF5 /* prod-120.png */,
				7C4EFC6C2382ED8B00F02EF5 /* prod-88.png */,
				7C4EFC6D2382ED8B00F02EF5 /* prod-152.png */,
				7C4EFC6E2382ED8B00F02EF5 /* prod-144.png */,
				7C4EFC6F2382ED8B00F02EF5 /* prod-16.png */,
				7C4EFC702382ED8B00F02EF5 /* prod-196.png */,
				7C4EFC712382ED8B00F02EF5 /* prod-29.png */,
				7C4EFC722382ED8B00F02EF5 /* prod-180.png */,
			);
			path = prod;
			sourceTree = "<group>";
		};
		832341AE1AAA6A7D00B99B32 /* Libraries */ = {
			isa = PBXGroup;
			children = (
			);
			name = Libraries;
			sourceTree = "<group>";
		};
		83CBB9F61A601CBA00E9B192 = {
			isa = PBXGroup;
			children = (
				7C4EFC352382ED8B00F02EF5 /* beta */,
				7C4EFC162382ED8B00F02EF5 /* debug */,
				7C4EFC542382ED8B00F02EF5 /* prod */,
				13B07FAE1A68108700A75B9A /* reactNativeOffline */,
				832341AE1AAA6A7D00B99B32 /* Libraries */,
				00E356EF1AD99517003FC87E /* reactNativeOfflineTests */,
				83CBBA001A601CBA00E9B192 /* Products */,
				2D16E6871FA4F8E400B85C8A /* Frameworks */,
				029FDFAE4A26DE7E0C710E70 /* Pods */,
			);
			indentWidth = 2;
			sourceTree = "<group>";
			tabWidth = 2;
			usesTabs = 0;
		};
		83CBBA001A601CBA00E9B192 /* Products */ = {
			isa = PBXGroup;
			children = (
				13B07F961A680F5B00A75B9A /* reactNativeOffline.app */,
				00E356EE1AD99517003FC87E /* reactNativeOfflineTests.xctest */,
				2D02E47B1E0B4A5D006451C7 /* reactNativeOffline-tvOS.app */,
				2D02E4901E0B4A5D006451C7 /* reactNativeOffline-tvOSTests.xctest */,
			);
			name = Products;
			sourceTree = "<group>";
		};
/* End PBXGroup section */

/* Begin PBXNativeTarget section */
		00E356ED1AD99517003FC87E /* reactNativeOfflineTests */ = {
			isa = PBXNativeTarget;
			buildConfigurationList = 00E357021AD99517003FC87E /* Build configuration list for PBXNativeTarget "reactNativeOfflineTests" */;
			buildPhases = (
				9B8676FF65A6A60B67B1E033 /* [CP] Check Pods Manifest.lock */,
				00E356EA1AD99517003FC87E /* Sources */,
				00E356EB1AD99517003FC87E /* Frameworks */,
				00E356EC1AD99517003FC87E /* Resources */,
			);
			buildRules = (
			);
			dependencies = (
				00E356F51AD99517003FC87E /* PBXTargetDependency */,
			);
			name = reactNativeOfflineTests;
			productName = reactNativeOfflineTests;
			productReference = 00E356EE1AD99517003FC87E /* reactNativeOfflineTests.xctest */;
			productType = "com.apple.product-type.bundle.unit-test";
		};
		13B07F861A680F5B00A75B9A /* reactNativeOffline */ = {
			isa = PBXNativeTarget;
			buildConfigurationList = 13B07F931A680F5B00A75B9A /* Build configuration list for PBXNativeTarget "reactNativeOffline" */;
			buildPhases = (
				E8EB2493324F4ADCAD274916 /* [CP] Check Pods Manifest.lock */,
				FD10A7F022414F080027D42C /* Start Packager */,
				13B07F871A680F5B00A75B9A /* Sources */,
				13B07F8C1A680F5B00A75B9A /* Frameworks */,
				13B07F8E1A680F5B00A75B9A /* Resources */,
				00DD1BFF1BD5951E006B06BC /* Bundle React Native code and images */,
			);
			buildRules = (
			);
			dependencies = (
			);
			name = reactNativeOffline;
			productName = reactNativeOffline;
			productReference = 13B07F961A680F5B00A75B9A /* reactNativeOffline.app */;
			productType = "com.apple.product-type.application";
		};
		2D02E47A1E0B4A5D006451C7 /* reactNativeOffline-tvOS */ = {
			isa = PBXNativeTarget;
			buildConfigurationList = 2D02E4BA1E0B4A5E006451C7 /* Build configuration list for PBXNativeTarget "reactNativeOffline-tvOS" */;
			buildPhases = (
				4CEF201C7AAC777425DC857E /* [CP] Check Pods Manifest.lock */,
				FD10A7F122414F3F0027D42C /* Start Packager */,
				2D02E4771E0B4A5D006451C7 /* Sources */,
				2D02E4781E0B4A5D006451C7 /* Frameworks */,
				2D02E4791E0B4A5D006451C7 /* Resources */,
				2D02E4CB1E0B4B27006451C7 /* Bundle React Native Code And Images */,
			);
			buildRules = (
			);
			dependencies = (
			);
			name = "reactNativeOffline-tvOS";
			productName = "reactNativeOffline-tvOS";
			productReference = 2D02E47B1E0B4A5D006451C7 /* reactNativeOffline-tvOS.app */;
			productType = "com.apple.product-type.application";
		};
		2D02E48F1E0B4A5D006451C7 /* reactNativeOffline-tvOSTests */ = {
			isa = PBXNativeTarget;
			buildConfigurationList = 2D02E4BB1E0B4A5E006451C7 /* Build configuration list for PBXNativeTarget "reactNativeOffline-tvOSTests" */;
			buildPhases = (
				3E73476CFE7FEA392F6B4A9D /* [CP] Check Pods Manifest.lock */,
				2D02E48C1E0B4A5D006451C7 /* Sources */,
				2D02E48D1E0B4A5D006451C7 /* Frameworks */,
				2D02E48E1E0B4A5D006451C7 /* Resources */,
			);
			buildRules = (
			);
			dependencies = (
				2D02E4921E0B4A5D006451C7 /* PBXTargetDependency */,
			);
			name = "reactNativeOffline-tvOSTests";
			productName = "reactNativeOffline-tvOSTests";
			productReference = 2D02E4901E0B4A5D006451C7 /* reactNativeOffline-tvOSTests.xctest */;
			productType = "com.apple.product-type.bundle.unit-test";
		};
/* End PBXNativeTarget section */

/* Begin PBXProject section */
		83CBB9F71A601CBA00E9B192 /* Project object */ = {
			isa = PBXProject;
			attributes = {
				LastUpgradeCheck = 0940;
				ORGANIZATIONNAME = Facebook;
				TargetAttributes = {
					00E356ED1AD99517003FC87E = {
						CreatedOnToolsVersion = 6.2;
						DevelopmentTeam = 2C3RWLLWH4;
						TestTargetID = 13B07F861A680F5B00A75B9A;
					};
					13B07F861A680F5B00A75B9A = {
						DevelopmentTeam = 2C3RWLLWH4;
					};
					2D02E47A1E0B4A5D006451C7 = {
						CreatedOnToolsVersion = 8.2.1;
						DevelopmentTeam = 2C3RWLLWH4;
						ProvisioningStyle = Automatic;
					};
					2D02E48F1E0B4A5D006451C7 = {
						CreatedOnToolsVersion = 8.2.1;
						ProvisioningStyle = Automatic;
						TestTargetID = 2D02E47A1E0B4A5D006451C7;
					};
				};
			};
			buildConfigurationList = 83CBB9FA1A601CBA00E9B192 /* Build configuration list for PBXProject "reactNativeOffline" */;
			compatibilityVersion = "Xcode 3.2";
			developmentRegion = English;
			hasScannedForEncodings = 0;
			knownRegions = (
				English,
				en,
				Base,
			);
			mainGroup = 83CBB9F61A601CBA00E9B192;
			productRefGroup = 83CBBA001A601CBA00E9B192 /* Products */;
			projectDirPath = "";
			projectRoot = "";
			targets = (
				13B07F861A680F5B00A75B9A /* reactNativeOffline */,
				00E356ED1AD99517003FC87E /* reactNativeOfflineTests */,
				2D02E47A1E0B4A5D006451C7 /* reactNativeOffline-tvOS */,
				2D02E48F1E0B4A5D006451C7 /* reactNativeOffline-tvOSTests */,
			);
		};
/* End PBXProject section */

/* Begin PBXResourcesBuildPhase section */
		00E356EC1AD99517003FC87E /* Resources */ = {
			isa = PBXResourcesBuildPhase;
			buildActionMask = 2147483647;
			files = (
			);
			runOnlyForDeploymentPostprocessing = 0;
		};
		13B07F8E1A680F5B00A75B9A /* Resources */ = {
			isa = PBXResourcesBuildPhase;
			buildActionMask = 2147483647;
			files = (
				7C4EFCB62382ED8B00F02EF5 /* prod-40.png in Resources */,
				7C4EFC8D2382ED8B00F02EF5 /* dev-256.png in Resources */,
				7C4EFC932382ED8B00F02EF5 /* beta-58.png in Resources */,
				7C4EFC872382ED8B00F02EF5 /* dev-80.png in Resources */,
				7C4EFC8C2382ED8B00F02EF5 /* dev-120.png in Resources */,
				7C4EFCCA2382ED8B00F02EF5 /* prod-196.png in Resources */,
				7C4EFC982382ED8B00F02EF5 /* beta-76.png in Resources */,
				7C4EFC812382ED8B00F02EF5 /* dev-172.png in Resources */,
				7C4EFC7D2382ED8B00F02EF5 /* dev-76.png in Resources */,
				7C4EFCAC2382ED8B00F02EF5 /* beta-57.png in Resources */,
				7C4EFC782382ED8B00F02EF5 /* dev-16.png in Resources */,
				7C4EFCC82382ED8B00F02EF5 /* prod-144.png in Resources */,
				7C4EFCBC2382ED8B00F02EF5 /* prod-100.png in Resources */,
				7C4EFC822382ED8B00F02EF5 /* dev-180.png in Resources */,
				7C4EFCA22382ED8B00F02EF5 /* beta-120.png in Resources */,
				7C4EFCA32382ED8B00F02EF5 /* beta-256.png in Resources */,
				7C4EFCB92382ED8B00F02EF5 /* prod-80.png in Resources */,
				7C4EFCA12382ED8B00F02EF5 /* beta-32.png in Resources */,
				7C4EFCA82382ED8B00F02EF5 /* beta-50.png in Resources */,
				7C4EFC792382ED8B00F02EF5 /* dev-64.png in Resources */,
				7C4EFCA42382ED8B00F02EF5 /* beta-20.png in Resources */,
				7C4EFCBA2382ED8B00F02EF5 /* prod-128.png in Resources */,
				7C4EFC8A2382ED8B00F02EF5 /* dev-152.png in Resources */,
				7C4EFC942382ED8B00F02EF5 /* beta-172.png in Resources */,
				7C4EFCB32382ED8B00F02EF5 /* prod-1024.png in Resources */,
				7C4EFCB42382ED8B00F02EF5 /* prod-87.png in Resources */,
				7C4EFC7A2382ED8B00F02EF5 /* dev-58.png in Resources */,
				7C4EFC762382ED8B00F02EF5 /* dev-512.png in Resources */,
				7C4EFCBE2382ED8B00F02EF5 /* Icon-57.png in Resources */,
				7C4EFC952382ED8B00F02EF5 /* beta-167.png in Resources */,
				7C4EFCA62382ED8B00F02EF5 /* beta-180.png in Resources */,
				7C4EFC902382ED8B00F02EF5 /* dev-20.png in Resources */,
				7C4EFCC52382ED8B00F02EF5 /* prod-120.png in Resources */,
				7C4EFCC12382ED8B00F02EF5 /* prod-48.png in Resources */,
				7C4EFCAF2382ED8B00F02EF5 /* prod-167.png in Resources */,
				7C4EFCA92382ED8B00F02EF5 /* beta-40.png in Resources */,
				7C4EFCA72382ED8B00F02EF5 /* beta-87.png in Resources */,
				7C4EFCC32382ED8B00F02EF5 /* prod-76.png in Resources */,
				7C4EFC8F2382ED8B00F02EF5 /* dev-1024.png in Resources */,
				7C4EFC992382ED8B00F02EF5 /* beta-88.png in Resources */,
				7C4EFC922382ED8B00F02EF5 /* beta-64.png in Resources */,
				7C4EFCC42382ED8B00F02EF5 /* prod-256.png in Resources */,
				7C4EFC9E2382ED8B00F02EF5 /* beta-128.png in Resources */,
				7C4EFC9D2382ED8B00F02EF5 /* beta-100.png in Resources */,
				7C4EFC7E2382ED8B00F02EF5 /* dev-60.png in Resources */,
				7C4EFC8E2382ED8B00F02EF5 /* dev-32.png in Resources */,
				7C4EFC732382ED8B00F02EF5 /* dev-128.png in Resources */,
				7C4EFC7F2382ED8B00F02EF5 /* dev-48.png in Resources */,
				7C4EFCC02382ED8B00F02EF5 /* prod-64.png in Resources */,
				7C4EFCB12382ED8B00F02EF5 /* prod-32.png in Resources */,
				7C4EFC8B2382ED8B00F02EF5 /* dev-40.png in Resources */,
				7C4EFC972382ED8B00F02EF5 /* beta-48.png in Resources */,
				7C4EFC802382ED8B00F02EF5 /* dev-167.png in Resources */,
				7C4EFCB82382ED8B00F02EF5 /* prod-55.png in Resources */,
				7C4EFC9C2382ED8B00F02EF5 /* beta-114.png in Resources */,
				7C4EFCAD2382ED8B00F02EF5 /* beta-80.png in Resources */,
				7C4EFCC92382ED8B00F02EF5 /* prod-16.png in Resources */,
				7C4EFC962382ED8B00F02EF5 /* beta-60.png in Resources */,
				7C4EFC892382ED8B00F02EF5 /* dev-55.png in Resources */,
				7C4EFC862382ED8B00F02EF5 /* dev-144.png in Resources */,
				7C4EFC7C2382ED8B00F02EF5 /* dev-88.png in Resources */,
				7C4EFCBF2382ED8B00F02EF5 /* prod-58.png in Resources */,
				7C4EFC852382ED8B00F02EF5 /* dev-196.png in Resources */,
				7C4EFCA02382ED8B00F02EF5 /* beta-29.png in Resources */,
				7C4EFC842382ED8B00F02EF5 /* dev-87.png in Resources */,
				7C4EFC9F2382ED8B00F02EF5 /* beta-16.png in Resources */,
				7C4EFCAE2382ED8B00F02EF5 /* beta-144.png in Resources */,
				7C4EFCCB2382ED8B00F02EF5 /* prod-29.png in Resources */,
				7C4EFC832382ED8B00F02EF5 /* dev-50.png in Resources */,
				7C4EFC772382ED8B00F02EF5 /* dev-29.png in Resources */,
				7C4EFCCC2382ED8B00F02EF5 /* prod-180.png in Resources */,
				7C4EFC9A2382ED8B00F02EF5 /* beta-1024.png in Resources */,
				13B07FBF1A68108700A75B9A /* Images.xcassets in Resources */,
				7C4EFCB22382ED8B00F02EF5 /* prod-20.png in Resources */,
				7C4EFCAB2382ED8B00F02EF5 /* beta-55.png in Resources */,
				7C4EFC7B2382ED8B00F02EF5 /* dev-72.png in Resources */,
				7C4EFC912382ED8B00F02EF5 /* beta-72.png in Resources */,
				7C4EFCBD2382ED8B00F02EF5 /* prod-72.png in Resources */,
				7C4EFCB72382ED8B00F02EF5 /* prod-512.png in Resources */,
				7C4EFCBB2382ED8B00F02EF5 /* prod-114.png in Resources */,
				7C4EFCC22382ED8B00F02EF5 /* prod-60.png in Resources */,
				7C4EFCA52382ED8B00F02EF5 /* beta-196.png in Resources */,
				7C4EFCAA2382ED8B00F02EF5 /* beta-152.png in Resources */,
				13B07FBD1A68108700A75B9A /* LaunchScreen.xib in Resources */,
				7C4EFCB02382ED8B00F02EF5 /* prod-172.png in Resources */,
				7C4EFCC72382ED8B00F02EF5 /* prod-152.png in Resources */,
				7C4EFC882382ED8B00F02EF5 /* dev-57.png in Resources */,
				7C4EFC752382ED8B00F02EF5 /* dev-114.png in Resources */,
				7C4EFCB52382ED8B00F02EF5 /* prod-50.png in Resources */,
				7C4EFC9B2382ED8B00F02EF5 /* beta-512.png in Resources */,
				7C4EFCC62382ED8B00F02EF5 /* prod-88.png in Resources */,
				7C4EFC742382ED8B00F02EF5 /* dev-100.png in Resources */,
			);
			runOnlyForDeploymentPostprocessing = 0;
		};
		2D02E4791E0B4A5D006451C7 /* Resources */ = {
			isa = PBXResourcesBuildPhase;
			buildActionMask = 2147483647;
			files = (
				2D02E4BD1E0B4A84006451C7 /* Images.xcassets in Resources */,
			);
			runOnlyForDeploymentPostprocessing = 0;
		};
		2D02E48E1E0B4A5D006451C7 /* Resources */ = {
			isa = PBXResourcesBuildPhase;
			buildActionMask = 2147483647;
			files = (
			);
			runOnlyForDeploymentPostprocessing = 0;
		};
/* End PBXResourcesBuildPhase section */

/* Begin PBXShellScriptBuildPhase section */
		00DD1BFF1BD5951E006B06BC /* Bundle React Native code and images */ = {
			isa = PBXShellScriptBuildPhase;
			buildActionMask = 2147483647;
			files = (
			);
			inputPaths = (
			);
			name = "Bundle React Native code and images";
			outputPaths = (
			);
			runOnlyForDeploymentPostprocessing = 0;
			shellPath = /bin/sh;
			shellScript = "export NODE_BINARY=node\n../node_modules/react-native/scripts/react-native-xcode.sh";
		};
		2D02E4CB1E0B4B27006451C7 /* Bundle React Native Code And Images */ = {
			isa = PBXShellScriptBuildPhase;
			buildActionMask = 2147483647;
			files = (
			);
			inputPaths = (
			);
			name = "Bundle React Native Code And Images";
			outputPaths = (
			);
			runOnlyForDeploymentPostprocessing = 0;
			shellPath = /bin/sh;
			shellScript = "export NODE_BINARY=node\n../node_modules/react-native/scripts/react-native-xcode.sh";
		};
		3E73476CFE7FEA392F6B4A9D /* [CP] Check Pods Manifest.lock */ = {
			isa = PBXShellScriptBuildPhase;
			buildActionMask = 2147483647;
			files = (
			);
			inputFileListPaths = (
			);
			inputPaths = (
				"${PODS_PODFILE_DIR_PATH}/Podfile.lock",
				"${PODS_ROOT}/Manifest.lock",
			);
			name = "[CP] Check Pods Manifest.lock";
			outputFileListPaths = (
			);
			outputPaths = (
				"$(DERIVED_FILE_DIR)/Pods-reactNativeOffline-tvOSTests-checkManifestLockResult.txt",
			);
			runOnlyForDeploymentPostprocessing = 0;
			shellPath = /bin/sh;
			shellScript = "diff \"${PODS_PODFILE_DIR_PATH}/Podfile.lock\" \"${PODS_ROOT}/Manifest.lock\" > /dev/null\nif [ $? != 0 ] ; then\n    # print error to STDERR\n    echo \"error: The sandbox is not in sync with the Podfile.lock. Run 'pod install' or update your CocoaPods installation.\" >&2\n    exit 1\nfi\n# This output is used by Xcode 'outputs' to avoid re-running this script phase.\necho \"SUCCESS\" > \"${SCRIPT_OUTPUT_FILE_0}\"\n";
			showEnvVarsInLog = 0;
		};
		4CEF201C7AAC777425DC857E /* [CP] Check Pods Manifest.lock */ = {
			isa = PBXShellScriptBuildPhase;
			buildActionMask = 2147483647;
			files = (
			);
			inputFileListPaths = (
			);
			inputPaths = (
				"${PODS_PODFILE_DIR_PATH}/Podfile.lock",
				"${PODS_ROOT}/Manifest.lock",
			);
			name = "[CP] Check Pods Manifest.lock";
			outputFileListPaths = (
			);
			outputPaths = (
				"$(DERIVED_FILE_DIR)/Pods-reactNativeOffline-tvOS-checkManifestLockResult.txt",
			);
			runOnlyForDeploymentPostprocessing = 0;
			shellPath = /bin/sh;
			shellScript = "diff \"${PODS_PODFILE_DIR_PATH}/Podfile.lock\" \"${PODS_ROOT}/Manifest.lock\" > /dev/null\nif [ $? != 0 ] ; then\n    # print error to STDERR\n    echo \"error: The sandbox is not in sync with the Podfile.lock. Run 'pod install' or update your CocoaPods installation.\" >&2\n    exit 1\nfi\n# This output is used by Xcode 'outputs' to avoid re-running this script phase.\necho \"SUCCESS\" > \"${SCRIPT_OUTPUT_FILE_0}\"\n";
			showEnvVarsInLog = 0;
		};
		9B8676FF65A6A60B67B1E033 /* [CP] Check Pods Manifest.lock */ = {
			isa = PBXShellScriptBuildPhase;
			buildActionMask = 2147483647;
			files = (
			);
			inputFileListPaths = (
			);
			inputPaths = (
				"${PODS_PODFILE_DIR_PATH}/Podfile.lock",
				"${PODS_ROOT}/Manifest.lock",
			);
			name = "[CP] Check Pods Manifest.lock";
			outputFileListPaths = (
			);
			outputPaths = (
				"$(DERIVED_FILE_DIR)/Pods-reactNativeOfflineTests-checkManifestLockResult.txt",
			);
			runOnlyForDeploymentPostprocessing = 0;
			shellPath = /bin/sh;
			shellScript = "diff \"${PODS_PODFILE_DIR_PATH}/Podfile.lock\" \"${PODS_ROOT}/Manifest.lock\" > /dev/null\nif [ $? != 0 ] ; then\n    # print error to STDERR\n    echo \"error: The sandbox is not in sync with the Podfile.lock. Run 'pod install' or update your CocoaPods installation.\" >&2\n    exit 1\nfi\n# This output is used by Xcode 'outputs' to avoid re-running this script phase.\necho \"SUCCESS\" > \"${SCRIPT_OUTPUT_FILE_0}\"\n";
			showEnvVarsInLog = 0;
		};
		E8EB2493324F4ADCAD274916 /* [CP] Check Pods Manifest.lock */ = {
			isa = PBXShellScriptBuildPhase;
			buildActionMask = 2147483647;
			files = (
			);
			inputFileListPaths = (
			);
			inputPaths = (
				"${PODS_PODFILE_DIR_PATH}/Podfile.lock",
				"${PODS_ROOT}/Manifest.lock",
			);
			name = "[CP] Check Pods Manifest.lock";
			outputFileListPaths = (
			);
			outputPaths = (
				"$(DERIVED_FILE_DIR)/Pods-reactNativeOffline-checkManifestLockResult.txt",
			);
			runOnlyForDeploymentPostprocessing = 0;
			shellPath = /bin/sh;
			shellScript = "diff \"${PODS_PODFILE_DIR_PATH}/Podfile.lock\" \"${PODS_ROOT}/Manifest.lock\" > /dev/null\nif [ $? != 0 ] ; then\n    # print error to STDERR\n    echo \"error: The sandbox is not in sync with the Podfile.lock. Run 'pod install' or update your CocoaPods installation.\" >&2\n    exit 1\nfi\n# This output is used by Xcode 'outputs' to avoid re-running this script phase.\necho \"SUCCESS\" > \"${SCRIPT_OUTPUT_FILE_0}\"\n";
			showEnvVarsInLog = 0;
		};
		FD10A7F022414F080027D42C /* Start Packager */ = {
			isa = PBXShellScriptBuildPhase;
			buildActionMask = 2147483647;
			files = (
			);
			inputFileListPaths = (
			);
			inputPaths = (
			);
			name = "Start Packager";
			outputFileListPaths = (
			);
			outputPaths = (
			);
			runOnlyForDeploymentPostprocessing = 0;
			shellPath = /bin/sh;
			shellScript = "export RCT_METRO_PORT=\"${RCT_METRO_PORT:=8081}\"\necho \"export RCT_METRO_PORT=${RCT_METRO_PORT}\" > \"${SRCROOT}/../node_modules/react-native/scripts/.packager.env\"\nif [ -z \"${RCT_NO_LAUNCH_PACKAGER+xxx}\" ] ; then\n  if nc -w 5 -z localhost ${RCT_METRO_PORT} ; then\n    if ! curl -s \"http://localhost:${RCT_METRO_PORT}/status\" | grep -q \"packager-status:running\" ; then\n      echo \"Port ${RCT_METRO_PORT} already in use, packager is either not running or not running correctly\"\n      exit 2\n    fi\n  else\n    open \"$SRCROOT/../node_modules/react-native/scripts/launchPackager.command\" || echo \"Can't start packager automatically\"\n  fi\nfi\n";
			showEnvVarsInLog = 0;
		};
		FD10A7F122414F3F0027D42C /* Start Packager */ = {
			isa = PBXShellScriptBuildPhase;
			buildActionMask = 2147483647;
			files = (
			);
			inputFileListPaths = (
			);
			inputPaths = (
			);
			name = "Start Packager";
			outputFileListPaths = (
			);
			outputPaths = (
			);
			runOnlyForDeploymentPostprocessing = 0;
			shellPath = /bin/sh;
			shellScript = "export RCT_METRO_PORT=\"${RCT_METRO_PORT:=8081}\"\necho \"export RCT_METRO_PORT=${RCT_METRO_PORT}\" > \"${SRCROOT}/../node_modules/react-native/scripts/.packager.env\"\nif [ -z \"${RCT_NO_LAUNCH_PACKAGER+xxx}\" ] ; then\n  if nc -w 5 -z localhost ${RCT_METRO_PORT} ; then\n    if ! curl -s \"http://localhost:${RCT_METRO_PORT}/status\" | grep -q \"packager-status:running\" ; then\n      echo \"Port ${RCT_METRO_PORT} already in use, packager is either not running or not running correctly\"\n      exit 2\n    fi\n  else\n    open \"$SRCROOT/../node_modules/react-native/scripts/launchPackager.command\" || echo \"Can't start packager automatically\"\n  fi\nfi\n";
			showEnvVarsInLog = 0;
		};
/* End PBXShellScriptBuildPhase section */

/* Begin PBXSourcesBuildPhase section */
		00E356EA1AD99517003FC87E /* Sources */ = {
			isa = PBXSourcesBuildPhase;
			buildActionMask = 2147483647;
			files = (
				00E356F31AD99517003FC87E /* reactNativeOfflineTests.m in Sources */,
			);
			runOnlyForDeploymentPostprocessing = 0;
		};
		13B07F871A680F5B00A75B9A /* Sources */ = {
			isa = PBXSourcesBuildPhase;
			buildActionMask = 2147483647;
			files = (
				13B07FBC1A68108700A75B9A /* AppDelegate.m in Sources */,
				13B07FC11A68108700A75B9A /* main.m in Sources */,
			);
			runOnlyForDeploymentPostprocessing = 0;
		};
		2D02E4771E0B4A5D006451C7 /* Sources */ = {
			isa = PBXSourcesBuildPhase;
			buildActionMask = 2147483647;
			files = (
				2D02E4BF1E0B4AB3006451C7 /* main.m in Sources */,
				2D02E4BC1E0B4A80006451C7 /* AppDelegate.m in Sources */,
			);
			runOnlyForDeploymentPostprocessing = 0;
		};
		2D02E48C1E0B4A5D006451C7 /* Sources */ = {
			isa = PBXSourcesBuildPhase;
			buildActionMask = 2147483647;
			files = (
				2DCD954D1E0B4F2C00145EB5 /* reactNativeOfflineTests.m in Sources */,
			);
			runOnlyForDeploymentPostprocessing = 0;
		};
/* End PBXSourcesBuildPhase section */

/* Begin PBXTargetDependency section */
		00E356F51AD99517003FC87E /* PBXTargetDependency */ = {
			isa = PBXTargetDependency;
			target = 13B07F861A680F5B00A75B9A /* reactNativeOffline */;
			targetProxy = 00E356F41AD99517003FC87E /* PBXContainerItemProxy */;
		};
		2D02E4921E0B4A5D006451C7 /* PBXTargetDependency */ = {
			isa = PBXTargetDependency;
			target = 2D02E47A1E0B4A5D006451C7 /* reactNativeOffline-tvOS */;
			targetProxy = 2D02E4911E0B4A5D006451C7 /* PBXContainerItemProxy */;
		};
/* End PBXTargetDependency section */

/* Begin PBXVariantGroup section */
		13B07FB11A68108700A75B9A /* LaunchScreen.xib */ = {
			isa = PBXVariantGroup;
			children = (
				13B07FB21A68108700A75B9A /* Base */,
			);
			name = LaunchScreen.xib;
			path = reactNativeOffline;
			sourceTree = "<group>";
		};
/* End PBXVariantGroup section */

/* Begin XCBuildConfiguration section */
		00E356F61AD99517003FC87E /* Debug */ = {
			isa = XCBuildConfiguration;
			baseConfigurationReference = D3C6CC50C395DB6E275B50CA /* Pods-reactNativeOfflineTests.debug.xcconfig */;
			buildSettings = {
				BUNDLE_LOADER = "$(TEST_HOST)";
				DEVELOPMENT_TEAM = 2C3RWLLWH4;
				GCC_PREPROCESSOR_DEFINITIONS = (
					"DEBUG=1",
					"$(inherited)",
				);
				INFOPLIST_FILE = reactNativeOfflineTests/Info.plist;
				IPHONEOS_DEPLOYMENT_TARGET = 9.0;
				LD_RUNPATH_SEARCH_PATHS = "$(inherited) @executable_path/Frameworks @loader_path/Frameworks";
				OTHER_LDFLAGS = (
					"-ObjC",
					"-lc++",
					"$(inherited)",
				);
				PRODUCT_BUNDLE_IDENTIFIER = "org.reactjs.native.example.$(PRODUCT_NAME:rfc1034identifier)";
				PRODUCT_NAME = "$(TARGET_NAME)";
				TEST_HOST = "$(BUILT_PRODUCTS_DIR)/reactNativeOffline.app/reactNativeOffline";
			};
			name = Debug;
		};
		00E356F71AD99517003FC87E /* Release */ = {
			isa = XCBuildConfiguration;
			baseConfigurationReference = AEB3D973522FA424D930B017 /* Pods-reactNativeOfflineTests.release.xcconfig */;
			buildSettings = {
				BUNDLE_LOADER = "$(TEST_HOST)";
				COPY_PHASE_STRIP = NO;
				DEVELOPMENT_TEAM = 2C3RWLLWH4;
				INFOPLIST_FILE = reactNativeOfflineTests/Info.plist;
				IPHONEOS_DEPLOYMENT_TARGET = 9.0;
				LD_RUNPATH_SEARCH_PATHS = "$(inherited) @executable_path/Frameworks @loader_path/Frameworks";
				OTHER_LDFLAGS = (
					"-ObjC",
					"-lc++",
					"$(inherited)",
				);
				PRODUCT_BUNDLE_IDENTIFIER = "org.reactjs.native.example.$(PRODUCT_NAME:rfc1034identifier)";
				PRODUCT_NAME = "$(TARGET_NAME)";
				TEST_HOST = "$(BUILT_PRODUCTS_DIR)/reactNativeOffline.app/reactNativeOffline";
			};
			name = Release;
		};
		13B07F941A680F5B00A75B9A /* Debug */ = {
			isa = XCBuildConfiguration;
			baseConfigurationReference = A8B19C23A0D3586DD8466612 /* Pods-reactNativeOffline.debug.xcconfig */;
			buildSettings = {
				ASSETCATALOG_COMPILER_APPICON_NAME = "AppIcon$(BUNDLE_ID_SUFFIX)";
				BUNDLE_ID_SUFFIX = .debug;
				CURRENT_PROJECT_VERSION = 1;
				DEAD_CODE_STRIPPING = NO;
				DEVELOPMENT_TEAM = 2C3RWLLWH4;
				INFOPLIST_FILE = reactNativeOffline/Info.plist;
				LD_RUNPATH_SEARCH_PATHS = "$(inherited) @executable_path/Frameworks";
				ONLY_ACTIVE_ARCH = YES;
				OTHER_LDFLAGS = (
					"$(inherited)",
					"-ObjC",
					"-lc++",
				);
				PRODUCT_BUNDLE_IDENTIFIER = org.reactjs.native.example.reactNativeOffline;
				PRODUCT_NAME = reactNativeOffline;
				VERSIONING_SYSTEM = "apple-generic";
			};
			name = Debug;
		};
		13B07F951A680F5B00A75B9A /* Release */ = {
			isa = XCBuildConfiguration;
			baseConfigurationReference = 4D25CDCB792C80E71F297656 /* Pods-reactNativeOffline.release.xcconfig */;
			buildSettings = {
				ASSETCATALOG_COMPILER_APPICON_NAME = "AppIcon$(BUNDLE_ID_SUFFIX)";
				BUNDLE_ID_SUFFIX = "";
				CURRENT_PROJECT_VERSION = 1;
				DEVELOPMENT_TEAM = 2C3RWLLWH4;
				INFOPLIST_FILE = reactNativeOffline/Info.plist;
				LD_RUNPATH_SEARCH_PATHS = "$(inherited) @executable_path/Frameworks";
				ONLY_ACTIVE_ARCH = NO;
				OTHER_LDFLAGS = (
					"$(inherited)",
					"-ObjC",
					"-lc++",
				);
				PRODUCT_BUNDLE_IDENTIFIER = org.reactjs.native.example.reactNativeOffline;
				PRODUCT_NAME = reactNativeOffline;
				VERSIONING_SYSTEM = "apple-generic";
			};
			name = Release;
		};
		2D02E4971E0B4A5E006451C7 /* Debug */ = {
			isa = XCBuildConfiguration;
			baseConfigurationReference = 4B6FC61D568C61D022AC683F /* Pods-reactNativeOffline-tvOS.debug.xcconfig */;
			buildSettings = {
				ASSETCATALOG_COMPILER_APPICON_NAME = "App Icon & Top Shelf Image";
				ASSETCATALOG_COMPILER_LAUNCHIMAGE_NAME = LaunchImage;
				CLANG_ANALYZER_NONNULL = YES;
				CLANG_WARN_DOCUMENTATION_COMMENTS = YES;
				CLANG_WARN_INFINITE_RECURSION = YES;
				CLANG_WARN_SUSPICIOUS_MOVE = YES;
				DEBUG_INFORMATION_FORMAT = dwarf;
				DEVELOPMENT_TEAM = 2C3RWLLWH4;
				ENABLE_TESTABILITY = YES;
				GCC_NO_COMMON_BLOCKS = YES;
				INFOPLIST_FILE = "reactNativeOffline-tvOS/Info.plist";
				LD_RUNPATH_SEARCH_PATHS = "$(inherited) @executable_path/Frameworks";
				OTHER_LDFLAGS = (
					"$(inherited)",
					"-ObjC",
					"-lc++",
				);
				PRODUCT_BUNDLE_IDENTIFIER = "com.facebook.REACT.reactNativeOffline-tvOS";
				PRODUCT_NAME = "$(TARGET_NAME)";
				SDKROOT = appletvos;
				TARGETED_DEVICE_FAMILY = 3;
				TVOS_DEPLOYMENT_TARGET = 9.2;
			};
			name = Debug;
		};
		2D02E4981E0B4A5E006451C7 /* Release */ = {
			isa = XCBuildConfiguration;
			baseConfigurationReference = 80CF151F08122B33C1D35E9C /* Pods-reactNativeOffline-tvOS.release.xcconfig */;
			buildSettings = {
				ASSETCATALOG_COMPILER_APPICON_NAME = "App Icon & Top Shelf Image";
				ASSETCATALOG_COMPILER_LAUNCHIMAGE_NAME = LaunchImage;
				CLANG_ANALYZER_NONNULL = YES;
				CLANG_WARN_DOCUMENTATION_COMMENTS = YES;
				CLANG_WARN_INFINITE_RECURSION = YES;
				CLANG_WARN_SUSPICIOUS_MOVE = YES;
				COPY_PHASE_STRIP = NO;
				DEBUG_INFORMATION_FORMAT = "dwarf-with-dsym";
				DEVELOPMENT_TEAM = 2C3RWLLWH4;
				GCC_NO_COMMON_BLOCKS = YES;
				INFOPLIST_FILE = "reactNativeOffline-tvOS/Info.plist";
				LD_RUNPATH_SEARCH_PATHS = "$(inherited) @executable_path/Frameworks";
				OTHER_LDFLAGS = (
					"$(inherited)",
					"-ObjC",
					"-lc++",
				);
				PRODUCT_BUNDLE_IDENTIFIER = "com.facebook.REACT.reactNativeOffline-tvOS";
				PRODUCT_NAME = "$(TARGET_NAME)";
				SDKROOT = appletvos;
				TARGETED_DEVICE_FAMILY = 3;
				TVOS_DEPLOYMENT_TARGET = 9.2;
			};
			name = Release;
		};
		2D02E4991E0B4A5E006451C7 /* Debug */ = {
			isa = XCBuildConfiguration;
			baseConfigurationReference = 95F32E6EED5BFDA94E29E896 /* Pods-reactNativeOffline-tvOSTests.debug.xcconfig */;
			buildSettings = {
				BUNDLE_LOADER = "$(TEST_HOST)";
				CLANG_ANALYZER_NONNULL = YES;
				CLANG_WARN_DOCUMENTATION_COMMENTS = YES;
				CLANG_WARN_INFINITE_RECURSION = YES;
				CLANG_WARN_SUSPICIOUS_MOVE = YES;
				DEBUG_INFORMATION_FORMAT = dwarf;
				ENABLE_TESTABILITY = YES;
				GCC_NO_COMMON_BLOCKS = YES;
				INFOPLIST_FILE = "reactNativeOffline-tvOSTests/Info.plist";
				LD_RUNPATH_SEARCH_PATHS = "$(inherited) @executable_path/Frameworks @loader_path/Frameworks";
				OTHER_LDFLAGS = (
					"$(inherited)",
					"-ObjC",
					"-lc++",
				);
				PRODUCT_BUNDLE_IDENTIFIER = "com.facebook.REACT.reactNativeOffline-tvOSTests";
				PRODUCT_NAME = "$(TARGET_NAME)";
				SDKROOT = appletvos;
				TEST_HOST = "$(BUILT_PRODUCTS_DIR)/reactNativeOffline-tvOS.app/reactNativeOffline-tvOS";
				TVOS_DEPLOYMENT_TARGET = 10.1;
			};
			name = Debug;
		};
		2D02E49A1E0B4A5E006451C7 /* Release */ = {
			isa = XCBuildConfiguration;
			baseConfigurationReference = DF833D568330E0606D8FE0A0 /* Pods-reactNativeOffline-tvOSTests.release.xcconfig */;
			buildSettings = {
				BUNDLE_LOADER = "$(TEST_HOST)";
				CLANG_ANALYZER_NONNULL = YES;
				CLANG_WARN_DOCUMENTATION_COMMENTS = YES;
				CLANG_WARN_INFINITE_RECURSION = YES;
				CLANG_WARN_SUSPICIOUS_MOVE = YES;
				COPY_PHASE_STRIP = NO;
				DEBUG_INFORMATION_FORMAT = "dwarf-with-dsym";
				GCC_NO_COMMON_BLOCKS = YES;
				INFOPLIST_FILE = "reactNativeOffline-tvOSTests/Info.plist";
				LD_RUNPATH_SEARCH_PATHS = "$(inherited) @executable_path/Frameworks @loader_path/Frameworks";
				OTHER_LDFLAGS = (
					"$(inherited)",
					"-ObjC",
					"-lc++",
				);
				PRODUCT_BUNDLE_IDENTIFIER = "com.facebook.REACT.reactNativeOffline-tvOSTests";
				PRODUCT_NAME = "$(TARGET_NAME)";
				SDKROOT = appletvos;
				TEST_HOST = "$(BUILT_PRODUCTS_DIR)/reactNativeOffline-tvOS.app/reactNativeOffline-tvOS";
				TVOS_DEPLOYMENT_TARGET = 10.1;
			};
			name = Release;
		};
		7C4EFBE02382D62F00F02EF5 /* Beta */ = {
			isa = XCBuildConfiguration;
			buildSettings = {
				ALWAYS_SEARCH_USER_PATHS = NO;
				ASSETCATALOG_COMPILER_APPICON_NAME = "";
				CLANG_CXX_LANGUAGE_STANDARD = "gnu++0x";
				CLANG_CXX_LIBRARY = "libc++";
				CLANG_ENABLE_MODULES = YES;
				CLANG_ENABLE_OBJC_ARC = YES;
				CLANG_WARN_BLOCK_CAPTURE_AUTORELEASING = YES;
				CLANG_WARN_BOOL_CONVERSION = YES;
				CLANG_WARN_COMMA = YES;
				CLANG_WARN_CONSTANT_CONVERSION = YES;
				CLANG_WARN_DEPRECATED_OBJC_IMPLEMENTATIONS = YES;
				CLANG_WARN_DIRECT_OBJC_ISA_USAGE = YES_ERROR;
				CLANG_WARN_EMPTY_BODY = YES;
				CLANG_WARN_ENUM_CONVERSION = YES;
				CLANG_WARN_INFINITE_RECURSION = YES;
				CLANG_WARN_INT_CONVERSION = YES;
				CLANG_WARN_NON_LITERAL_NULL_CONVERSION = YES;
				CLANG_WARN_OBJC_IMPLICIT_RETAIN_SELF = YES;
				CLANG_WARN_OBJC_LITERAL_CONVERSION = YES;
				CLANG_WARN_OBJC_ROOT_CLASS = YES_ERROR;
				CLANG_WARN_RANGE_LOOP_ANALYSIS = YES;
				CLANG_WARN_STRICT_PROTOTYPES = YES;
				CLANG_WARN_SUSPICIOUS_MOVE = YES;
				CLANG_WARN_UNREACHABLE_CODE = YES;
				CLANG_WARN__DUPLICATE_METHOD_MATCH = YES;
				"CODE_SIGN_IDENTITY[sdk=iphoneos*]" = "iPhone Developer";
				COPY_PHASE_STRIP = YES;
				ENABLE_NS_ASSERTIONS = NO;
				ENABLE_STRICT_OBJC_MSGSEND = YES;
				GCC_C_LANGUAGE_STANDARD = gnu99;
				GCC_NO_COMMON_BLOCKS = YES;
				GCC_WARN_64_TO_32_BIT_CONVERSION = YES;
				GCC_WARN_ABOUT_RETURN_TYPE = YES_ERROR;
				GCC_WARN_UNDECLARED_SELECTOR = YES;
				GCC_WARN_UNINITIALIZED_AUTOS = YES_AGGRESSIVE;
				GCC_WARN_UNUSED_FUNCTION = YES;
				GCC_WARN_UNUSED_VARIABLE = YES;
				IPHONEOS_DEPLOYMENT_TARGET = 9.0;
				MTL_ENABLE_DEBUG_INFO = NO;
				ONLY_ACTIVE_ARCH = NO;
				PRODUCT_MODULE_NAME = "";
				PRODUCT_NAME = reactNativeOffline;
				SDKROOT = iphoneos;
				VALIDATE_PRODUCT = YES;
			};
			name = Beta;
		};
		7C4EFBE12382D62F00F02EF5 /* Beta */ = {
			isa = XCBuildConfiguration;
			baseConfigurationReference = C22332140DE88B51122BE74C /* Pods-reactNativeOffline.beta.xcconfig */;
			buildSettings = {
				ASSETCATALOG_COMPILER_APPICON_NAME = "AppIcon$(BUNDLE_ID_SUFFIX)";
				BUNDLE_ID_SUFFIX = .beta;
				CURRENT_PROJECT_VERSION = 1;
				DEVELOPMENT_TEAM = 2C3RWLLWH4;
				INFOPLIST_FILE = reactNativeOffline/Info.plist;
				LD_RUNPATH_SEARCH_PATHS = "$(inherited) @executable_path/Frameworks";
				ONLY_ACTIVE_ARCH = NO;
				OTHER_LDFLAGS = (
					"$(inherited)",
					"-ObjC",
					"-lc++",
				);
				PRODUCT_BUNDLE_IDENTIFIER = org.reactjs.native.example.reactNativeOffline;
				PRODUCT_NAME = reactNativeOffline;
				VERSIONING_SYSTEM = "apple-generic";
			};
			name = Beta;
		};
		7C4EFBE22382D62F00F02EF5 /* Beta */ = {
			isa = XCBuildConfiguration;
			baseConfigurationReference = C6B928F60A1181A961332FD8 /* Pods-reactNativeOfflineTests.beta.xcconfig */;
			buildSettings = {
				BUNDLE_LOADER = "$(TEST_HOST)";
				COPY_PHASE_STRIP = NO;
				DEVELOPMENT_TEAM = 2C3RWLLWH4;
				INFOPLIST_FILE = reactNativeOfflineTests/Info.plist;
				IPHONEOS_DEPLOYMENT_TARGET = 9.0;
				LD_RUNPATH_SEARCH_PATHS = "$(inherited) @executable_path/Frameworks @loader_path/Frameworks";
				OTHER_LDFLAGS = (
					"-ObjC",
					"-lc++",
					"$(inherited)",
				);
				PRODUCT_BUNDLE_IDENTIFIER = "org.reactjs.native.example.$(PRODUCT_NAME:rfc1034identifier)";
				PRODUCT_NAME = "$(TARGET_NAME) ";
				TEST_HOST = "$(BUILT_PRODUCTS_DIR)/reactNativeOffline.app/reactNativeOffline";
			};
			name = Beta;
		};
		7C4EFBE32382D62F00F02EF5 /* Beta */ = {
			isa = XCBuildConfiguration;
			baseConfigurationReference = 3038F8196D880D771FF12F72 /* Pods-reactNativeOffline-tvOS.beta.xcconfig */;
			buildSettings = {
				ASSETCATALOG_COMPILER_APPICON_NAME = "App Icon & Top Shelf Image";
				ASSETCATALOG_COMPILER_LAUNCHIMAGE_NAME = LaunchImage;
				CLANG_ANALYZER_NONNULL = YES;
				CLANG_WARN_DOCUMENTATION_COMMENTS = YES;
				CLANG_WARN_INFINITE_RECURSION = YES;
				CLANG_WARN_SUSPICIOUS_MOVE = YES;
				COPY_PHASE_STRIP = NO;
				DEBUG_INFORMATION_FORMAT = "dwarf-with-dsym";
				DEVELOPMENT_TEAM = 2C3RWLLWH4;
				GCC_NO_COMMON_BLOCKS = YES;
				INFOPLIST_FILE = "reactNativeOffline-tvOS/Info.plist";
				LD_RUNPATH_SEARCH_PATHS = "$(inherited) @executable_path/Frameworks";
				OTHER_LDFLAGS = (
					"$(inherited)",
					"-ObjC",
					"-lc++",
				);
				PRODUCT_BUNDLE_IDENTIFIER = "com.facebook.REACT.reactNativeOffline-tvOS";
				PRODUCT_NAME = "$(TARGET_NAME)";
				SDKROOT = appletvos;
				TARGETED_DEVICE_FAMILY = 3;
				TVOS_DEPLOYMENT_TARGET = 9.2;
			};
			name = Beta;
		};
		7C4EFBE42382D62F00F02EF5 /* Beta */ = {
			isa = XCBuildConfiguration;
			baseConfigurationReference = BD5CF27F6955F674FB6C4B81 /* Pods-reactNativeOffline-tvOSTests.beta.xcconfig */;
			buildSettings = {
				BUNDLE_LOADER = "$(TEST_HOST)";
				CLANG_ANALYZER_NONNULL = YES;
				CLANG_WARN_DOCUMENTATION_COMMENTS = YES;
				CLANG_WARN_INFINITE_RECURSION = YES;
				CLANG_WARN_SUSPICIOUS_MOVE = YES;
				COPY_PHASE_STRIP = NO;
				DEBUG_INFORMATION_FORMAT = "dwarf-with-dsym";
				GCC_NO_COMMON_BLOCKS = YES;
				INFOPLIST_FILE = "reactNativeOffline-tvOSTests/Info.plist";
				LD_RUNPATH_SEARCH_PATHS = "$(inherited) @executable_path/Frameworks @loader_path/Frameworks";
				OTHER_LDFLAGS = (
					"$(inherited)",
					"-ObjC",
					"-lc++",
				);
				PRODUCT_BUNDLE_IDENTIFIER = "com.facebook.REACT.reactNativeOffline-tvOSTests";
				PRODUCT_NAME = "$(TARGET_NAME)";
				SDKROOT = appletvos;
				TEST_HOST = "$(BUILT_PRODUCTS_DIR)/reactNativeOffline-tvOS.app/reactNativeOffline-tvOS";
				TVOS_DEPLOYMENT_TARGET = 10.1;
			};
			name = Beta;
		};
		83CBBA201A601CBA00E9B192 /* Debug */ = {
			isa = XCBuildConfiguration;
			buildSettings = {
				ALWAYS_SEARCH_USER_PATHS = NO;
				ASSETCATALOG_COMPILER_APPICON_NAME = "";
				CLANG_CXX_LANGUAGE_STANDARD = "gnu++0x";
				CLANG_CXX_LIBRARY = "libc++";
				CLANG_ENABLE_MODULES = YES;
				CLANG_ENABLE_OBJC_ARC = YES;
				CLANG_WARN_BLOCK_CAPTURE_AUTORELEASING = YES;
				CLANG_WARN_BOOL_CONVERSION = YES;
				CLANG_WARN_COMMA = YES;
				CLANG_WARN_CONSTANT_CONVERSION = YES;
				CLANG_WARN_DEPRECATED_OBJC_IMPLEMENTATIONS = YES;
				CLANG_WARN_DIRECT_OBJC_ISA_USAGE = YES_ERROR;
				CLANG_WARN_EMPTY_BODY = YES;
				CLANG_WARN_ENUM_CONVERSION = YES;
				CLANG_WARN_INFINITE_RECURSION = YES;
				CLANG_WARN_INT_CONVERSION = YES;
				CLANG_WARN_NON_LITERAL_NULL_CONVERSION = YES;
				CLANG_WARN_OBJC_IMPLICIT_RETAIN_SELF = YES;
				CLANG_WARN_OBJC_LITERAL_CONVERSION = YES;
				CLANG_WARN_OBJC_ROOT_CLASS = YES_ERROR;
				CLANG_WARN_RANGE_LOOP_ANALYSIS = YES;
				CLANG_WARN_STRICT_PROTOTYPES = YES;
				CLANG_WARN_SUSPICIOUS_MOVE = YES;
				CLANG_WARN_UNREACHABLE_CODE = YES;
				CLANG_WARN__DUPLICATE_METHOD_MATCH = YES;
				"CODE_SIGN_IDENTITY[sdk=iphoneos*]" = "iPhone Developer";
				COPY_PHASE_STRIP = NO;
				ENABLE_STRICT_OBJC_MSGSEND = YES;
				ENABLE_TESTABILITY = YES;
				GCC_C_LANGUAGE_STANDARD = gnu99;
				GCC_DYNAMIC_NO_PIC = NO;
				GCC_NO_COMMON_BLOCKS = YES;
				GCC_OPTIMIZATION_LEVEL = 0;
				GCC_PREPROCESSOR_DEFINITIONS = (
					"DEBUG=1",
					"$(inherited)",
				);
				GCC_SYMBOLS_PRIVATE_EXTERN = NO;
				GCC_WARN_64_TO_32_BIT_CONVERSION = YES;
				GCC_WARN_ABOUT_RETURN_TYPE = YES_ERROR;
				GCC_WARN_UNDECLARED_SELECTOR = YES;
				GCC_WARN_UNINITIALIZED_AUTOS = YES_AGGRESSIVE;
				GCC_WARN_UNUSED_FUNCTION = YES;
				GCC_WARN_UNUSED_VARIABLE = YES;
				IPHONEOS_DEPLOYMENT_TARGET = 9.0;
				MTL_ENABLE_DEBUG_INFO = YES;
				ONLY_ACTIVE_ARCH = YES;
				PRODUCT_MODULE_NAME = "";
				PRODUCT_NAME = reactNativeOffline;
				SDKROOT = iphoneos;
			};
			name = Debug;
		};
		83CBBA211A601CBA00E9B192 /* Release */ = {
			isa = XCBuildConfiguration;
			buildSettings = {
				ALWAYS_SEARCH_USER_PATHS = NO;
				ASSETCATALOG_COMPILER_APPICON_NAME = "";
				CLANG_CXX_LANGUAGE_STANDARD = "gnu++0x";
				CLANG_CXX_LIBRARY = "libc++";
				CLANG_ENABLE_MODULES = YES;
				CLANG_ENABLE_OBJC_ARC = YES;
				CLANG_WARN_BLOCK_CAPTURE_AUTORELEASING = YES;
				CLANG_WARN_BOOL_CONVERSION = YES;
				CLANG_WARN_COMMA = YES;
				CLANG_WARN_CONSTANT_CONVERSION = YES;
				CLANG_WARN_DEPRECATED_OBJC_IMPLEMENTATIONS = YES;
				CLANG_WARN_DIRECT_OBJC_ISA_USAGE = YES_ERROR;
				CLANG_WARN_EMPTY_BODY = YES;
				CLANG_WARN_ENUM_CONVERSION = YES;
				CLANG_WARN_INFINITE_RECURSION = YES;
				CLANG_WARN_INT_CONVERSION = YES;
				CLANG_WARN_NON_LITERAL_NULL_CONVERSION = YES;
				CLANG_WARN_OBJC_IMPLICIT_RETAIN_SELF = YES;
				CLANG_WARN_OBJC_LITERAL_CONVERSION = YES;
				CLANG_WARN_OBJC_ROOT_CLASS = YES_ERROR;
				CLANG_WARN_RANGE_LOOP_ANALYSIS = YES;
				CLANG_WARN_STRICT_PROTOTYPES = YES;
				CLANG_WARN_SUSPICIOUS_MOVE = YES;
				CLANG_WARN_UNREACHABLE_CODE = YES;
				CLANG_WARN__DUPLICATE_METHOD_MATCH = YES;
				"CODE_SIGN_IDENTITY[sdk=iphoneos*]" = "iPhone Developer";
				COPY_PHASE_STRIP = YES;
				ENABLE_NS_ASSERTIONS = NO;
				ENABLE_STRICT_OBJC_MSGSEND = YES;
				GCC_C_LANGUAGE_STANDARD = gnu99;
				GCC_NO_COMMON_BLOCKS = YES;
				GCC_WARN_64_TO_32_BIT_CONVERSION = YES;
				GCC_WARN_ABOUT_RETURN_TYPE = YES_ERROR;
				GCC_WARN_UNDECLARED_SELECTOR = YES;
				GCC_WARN_UNINITIALIZED_AUTOS = YES_AGGRESSIVE;
				GCC_WARN_UNUSED_FUNCTION = YES;
				GCC_WARN_UNUSED_VARIABLE = YES;
				IPHONEOS_DEPLOYMENT_TARGET = 9.0;
				MTL_ENABLE_DEBUG_INFO = NO;
				ONLY_ACTIVE_ARCH = NO;
				PRODUCT_MODULE_NAME = "";
				PRODUCT_NAME = reactNativeOffline;
				SDKROOT = iphoneos;
				VALIDATE_PRODUCT = YES;
			};
			name = Release;
		};
/* End XCBuildConfiguration section */

/* Begin XCConfigurationList section */
		00E357021AD99517003FC87E /* Build configuration list for PBXNativeTarget "reactNativeOfflineTests" */ = {
			isa = XCConfigurationList;
			buildConfigurations = (
				00E356F61AD99517003FC87E /* Debug */,
				00E356F71AD99517003FC87E /* Release */,
				7C4EFBE22382D62F00F02EF5 /* Beta */,
			);
			defaultConfigurationIsVisible = 0;
			defaultConfigurationName = Release;
		};
		13B07F931A680F5B00A75B9A /* Build configuration list for PBXNativeTarget "reactNativeOffline" */ = {
			isa = XCConfigurationList;
			buildConfigurations = (
				13B07F941A680F5B00A75B9A /* Debug */,
				13B07F951A680F5B00A75B9A /* Release */,
				7C4EFBE12382D62F00F02EF5 /* Beta */,
			);
			defaultConfigurationIsVisible = 0;
			defaultConfigurationName = Release;
		};
		2D02E4BA1E0B4A5E006451C7 /* Build configuration list for PBXNativeTarget "reactNativeOffline-tvOS" */ = {
			isa = XCConfigurationList;
			buildConfigurations = (
				2D02E4971E0B4A5E006451C7 /* Debug */,
				2D02E4981E0B4A5E006451C7 /* Release */,
				7C4EFBE32382D62F00F02EF5 /* Beta */,
			);
			defaultConfigurationIsVisible = 0;
			defaultConfigurationName = Release;
		};
		2D02E4BB1E0B4A5E006451C7 /* Build configuration list for PBXNativeTarget "reactNativeOffline-tvOSTests" */ = {
			isa = XCConfigurationList;
			buildConfigurations = (
				2D02E4991E0B4A5E006451C7 /* Debug */,
				2D02E49A1E0B4A5E006451C7 /* Release */,
				7C4EFBE42382D62F00F02EF5 /* Beta */,
			);
			defaultConfigurationIsVisible = 0;
			defaultConfigurationName = Release;
		};
		83CBB9FA1A601CBA00E9B192 /* Build configuration list for PBXProject "reactNativeOffline" */ = {
			isa = XCConfigurationList;
			buildConfigurations = (
				83CBBA201A601CBA00E9B192 /* Debug */,
				83CBBA211A601CBA00E9B192 /* Release */,
				7C4EFBE02382D62F00F02EF5 /* Beta */,
			);
			defaultConfigurationIsVisible = 0;
			defaultConfigurationName = Release;
		};
/* End XCConfigurationList section */
	};
	rootObject = 83CBB9F71A601CBA00E9B192 /* Project object */;
}
